// !$*UTF8*$!
{
	archiveVersion = 1;
	classes = {
	};
	objectVersion = 46;
	objects = {

/* Begin PBXBuildFile section */
		FB02567F1D1D236400352B19 /* AddEditBudgetCell.swift in Sources */ = {isa = PBXBuildFile; fileRef = FB02567E1D1D236400352B19 /* AddEditBudgetCell.swift */; };
		FB0928A91CECBE6900E73FF1 /* ValidatorProtocol.swift in Sources */ = {isa = PBXBuildFile; fileRef = FB0928A81CECBE6900E73FF1 /* ValidatorProtocol.swift */; };
		FB0928AB1CECC54B00E73FF1 /* EmptyStringValidator.swift in Sources */ = {isa = PBXBuildFile; fileRef = FB0928AA1CECC54900E73FF1 /* EmptyStringValidator.swift */; };
		FB0DBAC01D00964600980BE5 /* XCUIElement.swift in Sources */ = {isa = PBXBuildFile; fileRef = FB0DBABF1D00964600980BE5 /* XCUIElement.swift */; };
		FB0F38EA1CDD7FB8002656FF /* ScreenManager.swift in Sources */ = {isa = PBXBuildFile; fileRef = FB0F38E91CDD7FB8002656FF /* ScreenManager.swift */; };
		FB169E471D2A041C00AB6439 /* BudgetTableViewCell.swift in Sources */ = {isa = PBXBuildFile; fileRef = FB169E461D2A041C00AB6439 /* BudgetTableViewCell.swift */; };
		FB169E491D2A109800AB6439 /* BunnyTableViewCellProtocol.swift in Sources */ = {isa = PBXBuildFile; fileRef = FB169E481D2A109800AB6439 /* BunnyTableViewCellProtocol.swift */; };
		FB238F2C1CEE0EF200636CCC /* AttributeUniquenessValidator.swift in Sources */ = {isa = PBXBuildFile; fileRef = FB238F2B1CEE0EF200636CCC /* AttributeUniquenessValidator.swift */; };
		FB238F2E1CEE101900636CCC /* AttributeModel.swift in Sources */ = {isa = PBXBuildFile; fileRef = FB238F2D1CEE101900636CCC /* AttributeModel.swift */; };
		FB2445371CCF5B3400E55941 /* BunnyUtils.swift in Sources */ = {isa = PBXBuildFile; fileRef = FB2445361CCF5B3400E55941 /* BunnyUtils.swift */; };
		FB2E8FBE1D25FD3100567048 /* EmptyArrayValidator.swift in Sources */ = {isa = PBXBuildFile; fileRef = FB2E8FBD1D25FD3100567048 /* EmptyArrayValidator.swift */; };
		FB312E6C1CDD8C32000788EE /* AddAccountScreen.swift in Sources */ = {isa = PBXBuildFile; fileRef = FB312E6B1CDD8C32000788EE /* AddAccountScreen.swift */; };
		FB337CF01CD791F900F32AE8 /* BunnyCell.swift in Sources */ = {isa = PBXBuildFile; fileRef = FB337CEF1CD791F900F32AE8 /* BunnyCell.swift */; };
		FB337CF21CD8FB4900F32AE8 /* UIViewController+Bunnies.swift in Sources */ = {isa = PBXBuildFile; fileRef = FB337CF11CD8FB4900F32AE8 /* UIViewController+Bunnies.swift */; };
		FB3401C11CC4E6680038C1BB /* AddEditAccountTableViewCell.swift in Sources */ = {isa = PBXBuildFile; fileRef = FB3401C01CC4E6680038C1BB /* AddEditAccountTableViewCell.swift */; };
		FB39C4581CDD8F3700780E61 /* CurrencyPickerScreen.swift in Sources */ = {isa = PBXBuildFile; fileRef = FB39C4571CDD8F3700780E61 /* CurrencyPickerScreen.swift */; };
		FB3DD69D1CEA0779005D1F1F /* Double+Bunnies.swift in Sources */ = {isa = PBXBuildFile; fileRef = FB3DD69C1CEA0779005D1F1F /* Double+Bunnies.swift */; };
		FB49683E1CD0ADC9006A0177 /* StringConstants.swift in Sources */ = {isa = PBXBuildFile; fileRef = FB49683D1CD0ADC9006A0177 /* StringConstants.swift */; };
		FB52461C1CF5F212005B3679 /* BunnyModel.swift in Sources */ = {isa = PBXBuildFile; fileRef = FB52461B1CF5F212005B3679 /* BunnyModel.swift */; };
		FB5F91D31D010DB100F7F0D8 /* TestConstants.swift in Sources */ = {isa = PBXBuildFile; fileRef = FB5F91D21D010DB100F7F0D8 /* TestConstants.swift */; };
		FB5FF8211CC134D10090F5FA /* Constants.swift in Sources */ = {isa = PBXBuildFile; fileRef = FB5FF8201CC134D10090F5FA /* Constants.swift */; };
		FB5FF8221CC134D10090F5FA /* Constants.swift in Sources */ = {isa = PBXBuildFile; fileRef = FB5FF8201CC134D10090F5FA /* Constants.swift */; };
		FB5FF8231CC134D10090F5FA /* Constants.swift in Sources */ = {isa = PBXBuildFile; fileRef = FB5FF8201CC134D10090F5FA /* Constants.swift */; };
		FB61662E1D1E727B007DE4C2 /* AddEditBudgetTableViewCell.swift in Sources */ = {isa = PBXBuildFile; fileRef = FB61662D1D1E727B007DE4C2 /* AddEditBudgetTableViewCell.swift */; };
		FB6166301D1F669F007DE4C2 /* BudgetViewController.swift in Sources */ = {isa = PBXBuildFile; fileRef = FB61662F1D1F669F007DE4C2 /* BudgetViewController.swift */; };
		FB6166321D1FA9E7007DE4C2 /* CategoryUniquenessValidator.swift in Sources */ = {isa = PBXBuildFile; fileRef = FB6166311D1FA9E7007DE4C2 /* CategoryUniquenessValidator.swift */; };
		FB6AC11E1D2137BB009EC80C /* Category+CoreDataProperties.swift in Sources */ = {isa = PBXBuildFile; fileRef = FB6AC1101D2137BB009EC80C /* Category+CoreDataProperties.swift */; };
		FB6AC11F1D2137BB009EC80C /* Category.swift in Sources */ = {isa = PBXBuildFile; fileRef = FB6AC1111D2137BB009EC80C /* Category.swift */; };
		FB6AC1201D2137BB009EC80C /* Budget+CoreDataProperties.swift in Sources */ = {isa = PBXBuildFile; fileRef = FB6AC1121D2137BB009EC80C /* Budget+CoreDataProperties.swift */; };
		FB6AC1211D2137BB009EC80C /* Budget.swift in Sources */ = {isa = PBXBuildFile; fileRef = FB6AC1131D2137BB009EC80C /* Budget.swift */; };
		FB6AC1221D2137BB009EC80C /* Wishitem+CoreDataProperties.swift in Sources */ = {isa = PBXBuildFile; fileRef = FB6AC1141D2137BB009EC80C /* Wishitem+CoreDataProperties.swift */; };
		FB6AC1231D2137BB009EC80C /* Wishitem.swift in Sources */ = {isa = PBXBuildFile; fileRef = FB6AC1151D2137BB009EC80C /* Wishitem.swift */; };
		FB6AC1241D2137BB009EC80C /* Record+CoreDataProperties.swift in Sources */ = {isa = PBXBuildFile; fileRef = FB6AC1161D2137BB009EC80C /* Record+CoreDataProperties.swift */; };
		FB6AC1251D2137BB009EC80C /* Record.swift in Sources */ = {isa = PBXBuildFile; fileRef = FB6AC1171D2137BB009EC80C /* Record.swift */; };
		FB6AC1261D2137BB009EC80C /* Target+CoreDataProperties.swift in Sources */ = {isa = PBXBuildFile; fileRef = FB6AC1181D2137BB009EC80C /* Target+CoreDataProperties.swift */; };
		FB6AC1271D2137BB009EC80C /* Target.swift in Sources */ = {isa = PBXBuildFile; fileRef = FB6AC1191D2137BB009EC80C /* Target.swift */; };
		FB6AC1281D2137BB009EC80C /* Account+CoreDataProperties.swift in Sources */ = {isa = PBXBuildFile; fileRef = FB6AC11A1D2137BB009EC80C /* Account+CoreDataProperties.swift */; };
		FB6AC1291D2137BB009EC80C /* Account.swift in Sources */ = {isa = PBXBuildFile; fileRef = FB6AC11B1D2137BB009EC80C /* Account.swift */; };
		FB6AC12A1D2137BB009EC80C /* Transaction+CoreDataProperties.swift in Sources */ = {isa = PBXBuildFile; fileRef = FB6AC11C1D2137BB009EC80C /* Transaction+CoreDataProperties.swift */; };
		FB6AC12B1D2137BB009EC80C /* Transaction.swift in Sources */ = {isa = PBXBuildFile; fileRef = FB6AC11D1D2137BB009EC80C /* Transaction.swift */; };
		FB6B602A1D28F29D00C81ED2 /* BudgetCell.swift in Sources */ = {isa = PBXBuildFile; fileRef = FB6B60291D28F29D00C81ED2 /* BudgetCell.swift */; };
		FB6B602C1D28F2B100C81ED2 /* IncomeCell.swift in Sources */ = {isa = PBXBuildFile; fileRef = FB6B602B1D28F2B100C81ED2 /* IncomeCell.swift */; };
		FB6CED241CEDE48800FB222E /* Validator.swift in Sources */ = {isa = PBXBuildFile; fileRef = FB6CED231CEDE48800FB222E /* Validator.swift */; };
		FB8550F11CBDE2990037A881 /* AccountsTableViewController.swift in Sources */ = {isa = PBXBuildFile; fileRef = FB8550F01CBDE2990037A881 /* AccountsTableViewController.swift */; };
		FB8550F31CBDE4FF0037A881 /* AddEditAccountTableViewController.swift in Sources */ = {isa = PBXBuildFile; fileRef = FB8550F21CBDE4FF0037A881 /* AddEditAccountTableViewController.swift */; };
		FB8550F51CBDE6300037A881 /* CurrencyPickerTableViewController.swift in Sources */ = {isa = PBXBuildFile; fileRef = FB8550F41CBDE6300037A881 /* CurrencyPickerTableViewController.swift */; };
		FB8550F91CBDF41F0037A881 /* AddEditBudgetTableViewController.swift in Sources */ = {isa = PBXBuildFile; fileRef = FB8550F81CBDF41F0037A881 /* AddEditBudgetTableViewController.swift */; };
		FB8550FB1CBE0DB70037A881 /* DashboardViewController.swift in Sources */ = {isa = PBXBuildFile; fileRef = FB8550FA1CBE0DB70037A881 /* DashboardViewController.swift */; };
		FB8550FD1CBE0DC90037A881 /* AddNewTransactionViewController.swift in Sources */ = {isa = PBXBuildFile; fileRef = FB8550FC1CBE0DC90037A881 /* AddNewTransactionViewController.swift */; };
		FB8550FF1CBE27950037A881 /* RecordsViewController.swift in Sources */ = {isa = PBXBuildFile; fileRef = FB8550FE1CBE27950037A881 /* RecordsViewController.swift */; };
		FB8551011CBE27BF0037A881 /* AddTargetViewController.swift in Sources */ = {isa = PBXBuildFile; fileRef = FB8551001CBE27BF0037A881 /* AddTargetViewController.swift */; };
		FB8551031CBE27F50037A881 /* DataViewController.swift in Sources */ = {isa = PBXBuildFile; fileRef = FB8551021CBE27F50037A881 /* DataViewController.swift */; };
		FB8A9B981CC65AB10017D0D3 /* Currency.swift in Sources */ = {isa = PBXBuildFile; fileRef = FB8A9B971CC65AB10017D0D3 /* Currency.swift */; };
		FB8A9B9A1CC65AC40017D0D3 /* CurrencyManager.swift in Sources */ = {isa = PBXBuildFile; fileRef = FB8A9B991CC65AC40017D0D3 /* CurrencyManager.swift */; };
		FB97C3071CB4974F00C35BC0 /* AppDelegate.swift in Sources */ = {isa = PBXBuildFile; fileRef = FB97C3061CB4974F00C35BC0 /* AppDelegate.swift */; };
		FB97C30F1CB4974F00C35BC0 /* BudgetBunny.xcdatamodeld in Sources */ = {isa = PBXBuildFile; fileRef = FB97C30D1CB4974F00C35BC0 /* BudgetBunny.xcdatamodeld */; };
		FB97C3111CB4975000C35BC0 /* Assets.xcassets in Resources */ = {isa = PBXBuildFile; fileRef = FB97C3101CB4975000C35BC0 /* Assets.xcassets */; };
		FB97C31F1CB4975000C35BC0 /* BudgetBunnyTests.swift in Sources */ = {isa = PBXBuildFile; fileRef = FB97C31E1CB4975000C35BC0 /* BudgetBunnyTests.swift */; };
		FB97C32A1CB4975000C35BC0 /* LocationUITests.swift in Sources */ = {isa = PBXBuildFile; fileRef = FB97C3291CB4975000C35BC0 /* LocationUITests.swift */; };
		FBA035CB1CC78D330050E59B /* CurrencyTableViewCell.swift in Sources */ = {isa = PBXBuildFile; fileRef = FBA035CA1CC78D330050E59B /* CurrencyTableViewCell.swift */; };
		FBA845B91CC277F000C26380 /* AddEditAccountCell.swift in Sources */ = {isa = PBXBuildFile; fileRef = FBA845B81CC277F000C26380 /* AddEditAccountCell.swift */; };
		FBB238EC1CF9585A0011C59D /* ScreenConstants.swift in Sources */ = {isa = PBXBuildFile; fileRef = FBB238EB1CF9585A0011C59D /* ScreenConstants.swift */; };
		FBB238EE1CF984AD0011C59D /* ModelConstants.swift in Sources */ = {isa = PBXBuildFile; fileRef = FBB238ED1CF984AD0011C59D /* ModelConstants.swift */; };
		FBBEBF711CDD8382000AE2C9 /* AccountScreenUITests.swift in Sources */ = {isa = PBXBuildFile; fileRef = FBBEBF701CDD8382000AE2C9 /* AccountScreenUITests.swift */; };
		FBBEBF731CDD8411000AE2C9 /* AccountScreen.swift in Sources */ = {isa = PBXBuildFile; fileRef = FBBEBF721CDD8411000AE2C9 /* AccountScreen.swift */; };
		FBBEBF751CDD85F1000AE2C9 /* BaseScreen.swift in Sources */ = {isa = PBXBuildFile; fileRef = FBBEBF741CDD85F1000AE2C9 /* BaseScreen.swift */; };
		FBD06A7B1CE4E47200C32672 /* AccountCell.swift in Sources */ = {isa = PBXBuildFile; fileRef = FBD06A7A1CE4E47200C32672 /* AccountCell.swift */; };
		FBD2D2471CD1B8D900149289 /* Main.storyboard in Resources */ = {isa = PBXBuildFile; fileRef = FB97C30A1CB4974F00C35BC0 /* Main.storyboard */; };
		FBD6E2AC1CE4B06600D2F14A /* AccountsTableViewCell.swift in Sources */ = {isa = PBXBuildFile; fileRef = FBD6E2AB1CE4B06600D2F14A /* AccountsTableViewCell.swift */; };
		FBDF48341D051E8B00C9E2D8 /* BunnyTextField.swift in Sources */ = {isa = PBXBuildFile; fileRef = FBDF48331D051E8B00C9E2D8 /* BunnyTextField.swift */; };
		FBDF48381D055EE000C9E2D8 /* BunnyTabBarController.swift in Sources */ = {isa = PBXBuildFile; fileRef = FBDF48371D055EE000C9E2D8 /* BunnyTabBarController.swift */; };
		FBDF483B1D056A1700C9E2D8 /* StringConstants.swift in Sources */ = {isa = PBXBuildFile; fileRef = FB49683D1CD0ADC9006A0177 /* StringConstants.swift */; };
		FBDF483D1D056A3D00C9E2D8 /* Localizable.strings in Resources */ = {isa = PBXBuildFile; fileRef = FBFE42F71CCF34A1000206FE /* Localizable.strings */; };
		FBDF483F1D056A5800C9E2D8 /* BunnyUIUtils.swift in Sources */ = {isa = PBXBuildFile; fileRef = FBDF483E1D056A5800C9E2D8 /* BunnyUIUtils.swift */; };
		FBDF48401D056D3300C9E2D8 /* Localizable.strings in Resources */ = {isa = PBXBuildFile; fileRef = FBFE42F71CCF34A1000206FE /* Localizable.strings */; };
		FBE3F9811CFD404A00C56107 /* AccountUtils.swift in Sources */ = {isa = PBXBuildFile; fileRef = FBE3F9801CFD404A00C56107 /* AccountUtils.swift */; };
		FBF32F981D23D74D0023E116 /* BudgetScreen.swift in Sources */ = {isa = PBXBuildFile; fileRef = FBF32F971D23D74D0023E116 /* BudgetScreen.swift */; };
		FBF32F9A1D23D7A20023E116 /* BudgetScreenUITests.swift in Sources */ = {isa = PBXBuildFile; fileRef = FBF32F991D23D7A20023E116 /* BudgetScreenUITests.swift */; };
		FBF32F9C1D23D86A0023E116 /* AddBudgetScreen.swift in Sources */ = {isa = PBXBuildFile; fileRef = FBF32F9B1D23D86A0023E116 /* AddBudgetScreen.swift */; };
		FBFE42F51CCF34A1000206FE /* Localizable.strings in Resources */ = {isa = PBXBuildFile; fileRef = FBFE42F71CCF34A1000206FE /* Localizable.strings */; };
/* End PBXBuildFile section */

/* Begin PBXContainerItemProxy section */
		FB97C31B1CB4975000C35BC0 /* PBXContainerItemProxy */ = {
			isa = PBXContainerItemProxy;
			containerPortal = FB97C2FB1CB4974F00C35BC0 /* Project object */;
			proxyType = 1;
			remoteGlobalIDString = FB97C3021CB4974F00C35BC0;
			remoteInfo = BudgetBunny;
		};
		FB97C3261CB4975000C35BC0 /* PBXContainerItemProxy */ = {
			isa = PBXContainerItemProxy;
			containerPortal = FB97C2FB1CB4974F00C35BC0 /* Project object */;
			proxyType = 1;
			remoteGlobalIDString = FB97C3021CB4974F00C35BC0;
			remoteInfo = BudgetBunny;
		};
/* End PBXContainerItemProxy section */

/* Begin PBXFileReference section */
		FB02567E1D1D236400352B19 /* AddEditBudgetCell.swift */ = {isa = PBXFileReference; fileEncoding = 4; lastKnownFileType = sourcecode.swift; path = AddEditBudgetCell.swift; sourceTree = "<group>"; };
		FB0928A81CECBE6900E73FF1 /* ValidatorProtocol.swift */ = {isa = PBXFileReference; fileEncoding = 4; lastKnownFileType = sourcecode.swift; path = ValidatorProtocol.swift; sourceTree = "<group>"; };
		FB0928AA1CECC54900E73FF1 /* EmptyStringValidator.swift */ = {isa = PBXFileReference; fileEncoding = 4; lastKnownFileType = sourcecode.swift; path = EmptyStringValidator.swift; sourceTree = "<group>"; };
		FB0DBABF1D00964600980BE5 /* XCUIElement.swift */ = {isa = PBXFileReference; fileEncoding = 4; lastKnownFileType = sourcecode.swift; path = XCUIElement.swift; sourceTree = "<group>"; };
		FB0F38E91CDD7FB8002656FF /* ScreenManager.swift */ = {isa = PBXFileReference; fileEncoding = 4; lastKnownFileType = sourcecode.swift; path = ScreenManager.swift; sourceTree = "<group>"; };
		FB169E461D2A041C00AB6439 /* BudgetTableViewCell.swift */ = {isa = PBXFileReference; fileEncoding = 4; lastKnownFileType = sourcecode.swift; path = BudgetTableViewCell.swift; sourceTree = "<group>"; };
		FB169E481D2A109800AB6439 /* BunnyTableViewCellProtocol.swift */ = {isa = PBXFileReference; fileEncoding = 4; lastKnownFileType = sourcecode.swift; path = BunnyTableViewCellProtocol.swift; sourceTree = "<group>"; };
		FB238F2B1CEE0EF200636CCC /* AttributeUniquenessValidator.swift */ = {isa = PBXFileReference; fileEncoding = 4; lastKnownFileType = sourcecode.swift; path = AttributeUniquenessValidator.swift; sourceTree = "<group>"; };
		FB238F2D1CEE101900636CCC /* AttributeModel.swift */ = {isa = PBXFileReference; fileEncoding = 4; lastKnownFileType = sourcecode.swift; path = AttributeModel.swift; sourceTree = "<group>"; };
		FB2445361CCF5B3400E55941 /* BunnyUtils.swift */ = {isa = PBXFileReference; fileEncoding = 4; lastKnownFileType = sourcecode.swift; path = BunnyUtils.swift; sourceTree = "<group>"; };
		FB2E8FBD1D25FD3100567048 /* EmptyArrayValidator.swift */ = {isa = PBXFileReference; fileEncoding = 4; lastKnownFileType = sourcecode.swift; path = EmptyArrayValidator.swift; sourceTree = "<group>"; };
		FB312E6B1CDD8C32000788EE /* AddAccountScreen.swift */ = {isa = PBXFileReference; fileEncoding = 4; lastKnownFileType = sourcecode.swift; path = AddAccountScreen.swift; sourceTree = "<group>"; };
		FB337CEF1CD791F900F32AE8 /* BunnyCell.swift */ = {isa = PBXFileReference; fileEncoding = 4; lastKnownFileType = sourcecode.swift; path = BunnyCell.swift; sourceTree = "<group>"; };
		FB337CF11CD8FB4900F32AE8 /* UIViewController+Bunnies.swift */ = {isa = PBXFileReference; fileEncoding = 4; lastKnownFileType = sourcecode.swift; path = "UIViewController+Bunnies.swift"; sourceTree = "<group>"; };
		FB3401C01CC4E6680038C1BB /* AddEditAccountTableViewCell.swift */ = {isa = PBXFileReference; fileEncoding = 4; lastKnownFileType = sourcecode.swift; path = AddEditAccountTableViewCell.swift; sourceTree = "<group>"; };
		FB39C4571CDD8F3700780E61 /* CurrencyPickerScreen.swift */ = {isa = PBXFileReference; fileEncoding = 4; lastKnownFileType = sourcecode.swift; path = CurrencyPickerScreen.swift; sourceTree = "<group>"; };
		FB3DD69C1CEA0779005D1F1F /* Double+Bunnies.swift */ = {isa = PBXFileReference; fileEncoding = 4; lastKnownFileType = sourcecode.swift; path = "Double+Bunnies.swift"; sourceTree = "<group>"; };
		FB49683D1CD0ADC9006A0177 /* StringConstants.swift */ = {isa = PBXFileReference; fileEncoding = 4; lastKnownFileType = sourcecode.swift; path = StringConstants.swift; sourceTree = "<group>"; };
		FB52461B1CF5F212005B3679 /* BunnyModel.swift */ = {isa = PBXFileReference; fileEncoding = 4; lastKnownFileType = sourcecode.swift; path = BunnyModel.swift; sourceTree = "<group>"; };
		FB5F91D21D010DB100F7F0D8 /* TestConstants.swift */ = {isa = PBXFileReference; fileEncoding = 4; lastKnownFileType = sourcecode.swift; path = TestConstants.swift; sourceTree = "<group>"; };
		FB5FF8201CC134D10090F5FA /* Constants.swift */ = {isa = PBXFileReference; fileEncoding = 4; lastKnownFileType = sourcecode.swift; path = Constants.swift; sourceTree = "<group>"; };
		FB61662D1D1E727B007DE4C2 /* AddEditBudgetTableViewCell.swift */ = {isa = PBXFileReference; fileEncoding = 4; lastKnownFileType = sourcecode.swift; path = AddEditBudgetTableViewCell.swift; sourceTree = "<group>"; };
		FB61662F1D1F669F007DE4C2 /* BudgetViewController.swift */ = {isa = PBXFileReference; fileEncoding = 4; lastKnownFileType = sourcecode.swift; path = BudgetViewController.swift; sourceTree = "<group>"; };
		FB6166311D1FA9E7007DE4C2 /* CategoryUniquenessValidator.swift */ = {isa = PBXFileReference; fileEncoding = 4; lastKnownFileType = sourcecode.swift; path = CategoryUniquenessValidator.swift; sourceTree = "<group>"; };
		FB6AC1101D2137BB009EC80C /* Category+CoreDataProperties.swift */ = {isa = PBXFileReference; fileEncoding = 4; lastKnownFileType = sourcecode.swift; path = "Category+CoreDataProperties.swift"; sourceTree = "<group>"; };
		FB6AC1111D2137BB009EC80C /* Category.swift */ = {isa = PBXFileReference; fileEncoding = 4; lastKnownFileType = sourcecode.swift; path = Category.swift; sourceTree = "<group>"; };
		FB6AC1121D2137BB009EC80C /* Budget+CoreDataProperties.swift */ = {isa = PBXFileReference; fileEncoding = 4; lastKnownFileType = sourcecode.swift; path = "Budget+CoreDataProperties.swift"; sourceTree = "<group>"; };
		FB6AC1131D2137BB009EC80C /* Budget.swift */ = {isa = PBXFileReference; fileEncoding = 4; lastKnownFileType = sourcecode.swift; path = Budget.swift; sourceTree = "<group>"; };
		FB6AC1141D2137BB009EC80C /* Wishitem+CoreDataProperties.swift */ = {isa = PBXFileReference; fileEncoding = 4; lastKnownFileType = sourcecode.swift; path = "Wishitem+CoreDataProperties.swift"; sourceTree = "<group>"; };
		FB6AC1151D2137BB009EC80C /* Wishitem.swift */ = {isa = PBXFileReference; fileEncoding = 4; lastKnownFileType = sourcecode.swift; path = Wishitem.swift; sourceTree = "<group>"; };
		FB6AC1161D2137BB009EC80C /* Record+CoreDataProperties.swift */ = {isa = PBXFileReference; fileEncoding = 4; lastKnownFileType = sourcecode.swift; path = "Record+CoreDataProperties.swift"; sourceTree = "<group>"; };
		FB6AC1171D2137BB009EC80C /* Record.swift */ = {isa = PBXFileReference; fileEncoding = 4; lastKnownFileType = sourcecode.swift; path = Record.swift; sourceTree = "<group>"; };
		FB6AC1181D2137BB009EC80C /* Target+CoreDataProperties.swift */ = {isa = PBXFileReference; fileEncoding = 4; lastKnownFileType = sourcecode.swift; path = "Target+CoreDataProperties.swift"; sourceTree = "<group>"; };
		FB6AC1191D2137BB009EC80C /* Target.swift */ = {isa = PBXFileReference; fileEncoding = 4; lastKnownFileType = sourcecode.swift; path = Target.swift; sourceTree = "<group>"; };
		FB6AC11A1D2137BB009EC80C /* Account+CoreDataProperties.swift */ = {isa = PBXFileReference; fileEncoding = 4; lastKnownFileType = sourcecode.swift; path = "Account+CoreDataProperties.swift"; sourceTree = "<group>"; };
		FB6AC11B1D2137BB009EC80C /* Account.swift */ = {isa = PBXFileReference; fileEncoding = 4; lastKnownFileType = sourcecode.swift; path = Account.swift; sourceTree = "<group>"; };
		FB6AC11C1D2137BB009EC80C /* Transaction+CoreDataProperties.swift */ = {isa = PBXFileReference; fileEncoding = 4; lastKnownFileType = sourcecode.swift; path = "Transaction+CoreDataProperties.swift"; sourceTree = "<group>"; };
		FB6AC11D1D2137BB009EC80C /* Transaction.swift */ = {isa = PBXFileReference; fileEncoding = 4; lastKnownFileType = sourcecode.swift; path = Transaction.swift; sourceTree = "<group>"; };
		FB6B60291D28F29D00C81ED2 /* BudgetCell.swift */ = {isa = PBXFileReference; fileEncoding = 4; lastKnownFileType = sourcecode.swift; path = BudgetCell.swift; sourceTree = "<group>"; };
		FB6B602B1D28F2B100C81ED2 /* IncomeCell.swift */ = {isa = PBXFileReference; fileEncoding = 4; lastKnownFileType = sourcecode.swift; path = IncomeCell.swift; sourceTree = "<group>"; };
		FB6CED231CEDE48800FB222E /* Validator.swift */ = {isa = PBXFileReference; fileEncoding = 4; lastKnownFileType = sourcecode.swift; path = Validator.swift; sourceTree = "<group>"; };
		FB8550F01CBDE2990037A881 /* AccountsTableViewController.swift */ = {isa = PBXFileReference; fileEncoding = 4; lastKnownFileType = sourcecode.swift; path = AccountsTableViewController.swift; sourceTree = "<group>"; };
		FB8550F21CBDE4FF0037A881 /* AddEditAccountTableViewController.swift */ = {isa = PBXFileReference; fileEncoding = 4; lastKnownFileType = sourcecode.swift; path = AddEditAccountTableViewController.swift; sourceTree = "<group>"; };
		FB8550F41CBDE6300037A881 /* CurrencyPickerTableViewController.swift */ = {isa = PBXFileReference; fileEncoding = 4; lastKnownFileType = sourcecode.swift; path = CurrencyPickerTableViewController.swift; sourceTree = "<group>"; };
		FB8550F81CBDF41F0037A881 /* AddEditBudgetTableViewController.swift */ = {isa = PBXFileReference; fileEncoding = 4; lastKnownFileType = sourcecode.swift; path = AddEditBudgetTableViewController.swift; sourceTree = "<group>"; };
		FB8550FA1CBE0DB70037A881 /* DashboardViewController.swift */ = {isa = PBXFileReference; fileEncoding = 4; lastKnownFileType = sourcecode.swift; path = DashboardViewController.swift; sourceTree = "<group>"; };
		FB8550FC1CBE0DC90037A881 /* AddNewTransactionViewController.swift */ = {isa = PBXFileReference; fileEncoding = 4; lastKnownFileType = sourcecode.swift; path = AddNewTransactionViewController.swift; sourceTree = "<group>"; };
		FB8550FE1CBE27950037A881 /* RecordsViewController.swift */ = {isa = PBXFileReference; fileEncoding = 4; lastKnownFileType = sourcecode.swift; path = RecordsViewController.swift; sourceTree = "<group>"; };
		FB8551001CBE27BF0037A881 /* AddTargetViewController.swift */ = {isa = PBXFileReference; fileEncoding = 4; lastKnownFileType = sourcecode.swift; path = AddTargetViewController.swift; sourceTree = "<group>"; };
		FB8551021CBE27F50037A881 /* DataViewController.swift */ = {isa = PBXFileReference; fileEncoding = 4; lastKnownFileType = sourcecode.swift; path = DataViewController.swift; sourceTree = "<group>"; };
		FB8A9B971CC65AB10017D0D3 /* Currency.swift */ = {isa = PBXFileReference; fileEncoding = 4; lastKnownFileType = sourcecode.swift; path = Currency.swift; sourceTree = "<group>"; };
		FB8A9B991CC65AC40017D0D3 /* CurrencyManager.swift */ = {isa = PBXFileReference; fileEncoding = 4; lastKnownFileType = sourcecode.swift; path = CurrencyManager.swift; sourceTree = "<group>"; };
		FB97C3031CB4974F00C35BC0 /* BudgetBunny.app */ = {isa = PBXFileReference; explicitFileType = wrapper.application; includeInIndex = 0; path = BudgetBunny.app; sourceTree = BUILT_PRODUCTS_DIR; };
		FB97C3061CB4974F00C35BC0 /* AppDelegate.swift */ = {isa = PBXFileReference; lastKnownFileType = sourcecode.swift; path = AppDelegate.swift; sourceTree = "<group>"; };
		FB97C30B1CB4974F00C35BC0 /* Base */ = {isa = PBXFileReference; lastKnownFileType = file.storyboard; name = Base; path = Base.lproj/Main.storyboard; sourceTree = "<group>"; };
		FB97C30E1CB4974F00C35BC0 /* BudgetBunny.xcdatamodel */ = {isa = PBXFileReference; lastKnownFileType = wrapper.xcdatamodel; path = BudgetBunny.xcdatamodel; sourceTree = "<group>"; };
		FB97C3101CB4975000C35BC0 /* Assets.xcassets */ = {isa = PBXFileReference; lastKnownFileType = folder.assetcatalog; path = Assets.xcassets; sourceTree = "<group>"; };
		FB97C3131CB4975000C35BC0 /* Base */ = {isa = PBXFileReference; lastKnownFileType = file.storyboard; name = Base; path = Base.lproj/LaunchScreen.storyboard; sourceTree = "<group>"; };
		FB97C3151CB4975000C35BC0 /* Info.plist */ = {isa = PBXFileReference; lastKnownFileType = text.plist.xml; path = Info.plist; sourceTree = "<group>"; };
		FB97C31A1CB4975000C35BC0 /* BudgetBunnyTests.xctest */ = {isa = PBXFileReference; explicitFileType = wrapper.cfbundle; includeInIndex = 0; path = BudgetBunnyTests.xctest; sourceTree = BUILT_PRODUCTS_DIR; };
		FB97C31E1CB4975000C35BC0 /* BudgetBunnyTests.swift */ = {isa = PBXFileReference; lastKnownFileType = sourcecode.swift; path = BudgetBunnyTests.swift; sourceTree = "<group>"; };
		FB97C3201CB4975000C35BC0 /* Info.plist */ = {isa = PBXFileReference; lastKnownFileType = text.plist.xml; path = Info.plist; sourceTree = "<group>"; };
		FB97C3251CB4975000C35BC0 /* BudgetBunnyUITests.xctest */ = {isa = PBXFileReference; explicitFileType = wrapper.cfbundle; includeInIndex = 0; path = BudgetBunnyUITests.xctest; sourceTree = BUILT_PRODUCTS_DIR; };
		FB97C3291CB4975000C35BC0 /* LocationUITests.swift */ = {isa = PBXFileReference; lastKnownFileType = sourcecode.swift; path = LocationUITests.swift; sourceTree = "<group>"; };
		FB97C32B1CB4975000C35BC0 /* Info.plist */ = {isa = PBXFileReference; lastKnownFileType = text.plist.xml; path = Info.plist; sourceTree = "<group>"; };
		FBA035CA1CC78D330050E59B /* CurrencyTableViewCell.swift */ = {isa = PBXFileReference; fileEncoding = 4; lastKnownFileType = sourcecode.swift; path = CurrencyTableViewCell.swift; sourceTree = "<group>"; };
		FBA845B81CC277F000C26380 /* AddEditAccountCell.swift */ = {isa = PBXFileReference; fileEncoding = 4; lastKnownFileType = sourcecode.swift; path = AddEditAccountCell.swift; sourceTree = "<group>"; };
		FBB238EB1CF9585A0011C59D /* ScreenConstants.swift */ = {isa = PBXFileReference; fileEncoding = 4; lastKnownFileType = sourcecode.swift; path = ScreenConstants.swift; sourceTree = "<group>"; };
		FBB238ED1CF984AD0011C59D /* ModelConstants.swift */ = {isa = PBXFileReference; fileEncoding = 4; lastKnownFileType = sourcecode.swift; path = ModelConstants.swift; sourceTree = "<group>"; };
		FBBEBF701CDD8382000AE2C9 /* AccountScreenUITests.swift */ = {isa = PBXFileReference; fileEncoding = 4; lastKnownFileType = sourcecode.swift; path = AccountScreenUITests.swift; sourceTree = "<group>"; };
		FBBEBF721CDD8411000AE2C9 /* AccountScreen.swift */ = {isa = PBXFileReference; fileEncoding = 4; lastKnownFileType = sourcecode.swift; path = AccountScreen.swift; sourceTree = "<group>"; };
		FBBEBF741CDD85F1000AE2C9 /* BaseScreen.swift */ = {isa = PBXFileReference; fileEncoding = 4; lastKnownFileType = sourcecode.swift; path = BaseScreen.swift; sourceTree = "<group>"; };
		FBD06A7A1CE4E47200C32672 /* AccountCell.swift */ = {isa = PBXFileReference; fileEncoding = 4; lastKnownFileType = sourcecode.swift; path = AccountCell.swift; sourceTree = "<group>"; };
		FBD6E2AB1CE4B06600D2F14A /* AccountsTableViewCell.swift */ = {isa = PBXFileReference; fileEncoding = 4; lastKnownFileType = sourcecode.swift; path = AccountsTableViewCell.swift; sourceTree = "<group>"; };
		FBDF48331D051E8B00C9E2D8 /* BunnyTextField.swift */ = {isa = PBXFileReference; fileEncoding = 4; lastKnownFileType = sourcecode.swift; path = BunnyTextField.swift; sourceTree = "<group>"; };
		FBDF48371D055EE000C9E2D8 /* BunnyTabBarController.swift */ = {isa = PBXFileReference; fileEncoding = 4; lastKnownFileType = sourcecode.swift; path = BunnyTabBarController.swift; sourceTree = "<group>"; };
		FBDF483E1D056A5800C9E2D8 /* BunnyUIUtils.swift */ = {isa = PBXFileReference; fileEncoding = 4; lastKnownFileType = sourcecode.swift; path = BunnyUIUtils.swift; sourceTree = "<group>"; };
		FBE3F9801CFD404A00C56107 /* AccountUtils.swift */ = {isa = PBXFileReference; fileEncoding = 4; lastKnownFileType = sourcecode.swift; path = AccountUtils.swift; sourceTree = "<group>"; };
		FBEB61561CCF30F100FE1660 /* ja */ = {isa = PBXFileReference; lastKnownFileType = text.plist.strings; name = ja; path = ja.lproj/LaunchScreen.storyboard; sourceTree = "<group>"; };
		FBEB61581CCF30FB00FE1660 /* zh-Hans */ = {isa = PBXFileReference; lastKnownFileType = text.plist.strings; name = "zh-Hans"; path = "zh-Hans.lproj/LaunchScreen.storyboard"; sourceTree = "<group>"; };
		FBF32F971D23D74D0023E116 /* BudgetScreen.swift */ = {isa = PBXFileReference; fileEncoding = 4; lastKnownFileType = sourcecode.swift; path = BudgetScreen.swift; sourceTree = "<group>"; };
		FBF32F991D23D7A20023E116 /* BudgetScreenUITests.swift */ = {isa = PBXFileReference; fileEncoding = 4; lastKnownFileType = sourcecode.swift; path = BudgetScreenUITests.swift; sourceTree = "<group>"; };
		FBF32F9B1D23D86A0023E116 /* AddBudgetScreen.swift */ = {isa = PBXFileReference; fileEncoding = 4; lastKnownFileType = sourcecode.swift; path = AddBudgetScreen.swift; sourceTree = "<group>"; };
		FBFE42F61CCF34A1000206FE /* en */ = {isa = PBXFileReference; lastKnownFileType = text.plist.strings; name = en; path = en.lproj/Localizable.strings; sourceTree = "<group>"; };
		FBFE42F81CCF34A3000206FE /* ja */ = {isa = PBXFileReference; lastKnownFileType = text.plist.strings; name = ja; path = ja.lproj/Localizable.strings; sourceTree = "<group>"; };
		FBFE42F91CCF34A5000206FE /* zh-Hans */ = {isa = PBXFileReference; lastKnownFileType = text.plist.strings; name = "zh-Hans"; path = "zh-Hans.lproj/Localizable.strings"; sourceTree = "<group>"; };
/* End PBXFileReference section */

/* Begin PBXFrameworksBuildPhase section */
		FB97C3001CB4974F00C35BC0 /* Frameworks */ = {
			isa = PBXFrameworksBuildPhase;
			buildActionMask = 2147483647;
			files = (
			);
			runOnlyForDeploymentPostprocessing = 0;
		};
		FB97C3171CB4975000C35BC0 /* Frameworks */ = {
			isa = PBXFrameworksBuildPhase;
			buildActionMask = 2147483647;
			files = (
			);
			runOnlyForDeploymentPostprocessing = 0;
		};
		FB97C3221CB4975000C35BC0 /* Frameworks */ = {
			isa = PBXFrameworksBuildPhase;
			buildActionMask = 2147483647;
			files = (
			);
			runOnlyForDeploymentPostprocessing = 0;
		};
/* End PBXFrameworksBuildPhase section */

/* Begin PBXGroup section */
		FB97C2FA1CB4974F00C35BC0 = {
			isa = PBXGroup;
			children = (
				FB97C3051CB4974F00C35BC0 /* BudgetBunny */,
				FB97C31D1CB4975000C35BC0 /* BudgetBunnyTests */,
				FB97C3281CB4975000C35BC0 /* BudgetBunnyUITests */,
				FB97C3041CB4974F00C35BC0 /* Products */,
			);
			sourceTree = "<group>";
		};
		FB97C3041CB4974F00C35BC0 /* Products */ = {
			isa = PBXGroup;
			children = (
				FB97C3031CB4974F00C35BC0 /* BudgetBunny.app */,
				FB97C31A1CB4975000C35BC0 /* BudgetBunnyTests.xctest */,
				FB97C3251CB4975000C35BC0 /* BudgetBunnyUITests.xctest */,
			);
			name = Products;
			sourceTree = "<group>";
		};
		FB97C3051CB4974F00C35BC0 /* BudgetBunny */ = {
			isa = PBXGroup;
			children = (
				FB97C3371CB499D100C35BC0 /* Classes */,
				FB97C3441CB49BEE00C35BC0 /* Resources */,
			);
			path = BudgetBunny;
			sourceTree = "<group>";
		};
		FB97C31D1CB4975000C35BC0 /* BudgetBunnyTests */ = {
			isa = PBXGroup;
			children = (
				FB9CD8B11CB49DA40031E3B8 /* Classes */,
				FB9CD8B21CB49DAF0031E3B8 /* Tests */,
				FB97C3201CB4975000C35BC0 /* Info.plist */,
			);
			path = BudgetBunnyTests;
			sourceTree = "<group>";
		};
		FB97C3281CB4975000C35BC0 /* BudgetBunnyUITests */ = {
			isa = PBXGroup;
			children = (
				FB9CD8B31CB49DB40031E3B8 /* Classes */,
				FB9CD8B41CB49DB70031E3B8 /* Tests */,
				FB97C32B1CB4975000C35BC0 /* Info.plist */,
				FB5F91D21D010DB100F7F0D8 /* TestConstants.swift */,
			);
			path = BudgetBunnyUITests;
			sourceTree = "<group>";
		};
		FB97C3371CB499D100C35BC0 /* Classes */ = {
			isa = PBXGroup;
			children = (
				FB97C33B1CB499E500C35BC0 /* Controllers */,
				FB97C3411CB49B5A00C35BC0 /* Helpers */,
				FB97C3381CB499D600C35BC0 /* Models */,
				FB97C3421CB49B5E00C35BC0 /* Views */,
			);
			path = Classes;
			sourceTree = "<group>";
		};
		FB97C3381CB499D600C35BC0 /* Models */ = {
			isa = PBXGroup;
			children = (
				FB97C3391CB499D800C35BC0 /* Items */,
				FB97C33A1CB499DE00C35BC0 /* ManagedObjects */,
				FB97C30D1CB4974F00C35BC0 /* BudgetBunny.xcdatamodeld */,
				FB52461B1CF5F212005B3679 /* BunnyModel.swift */,
				FB8A9B971CC65AB10017D0D3 /* Currency.swift */,
				FB8A9B991CC65AC40017D0D3 /* CurrencyManager.swift */,
			);
			path = Models;
			sourceTree = "<group>";
		};
		FB97C3391CB499D800C35BC0 /* Items */ = {
			isa = PBXGroup;
			children = (
				FBD06A7A1CE4E47200C32672 /* AccountCell.swift */,
				FBA845B81CC277F000C26380 /* AddEditAccountCell.swift */,
				FB02567E1D1D236400352B19 /* AddEditBudgetCell.swift */,
				FB238F2D1CEE101900636CCC /* AttributeModel.swift */,
				FB6B60291D28F29D00C81ED2 /* BudgetCell.swift */,
				FB337CEF1CD791F900F32AE8 /* BunnyCell.swift */,
				FB6B602B1D28F2B100C81ED2 /* IncomeCell.swift */,
			);
			path = Items;
			sourceTree = "<group>";
		};
		FB97C33A1CB499DE00C35BC0 /* ManagedObjects */ = {
			isa = PBXGroup;
			children = (
				FB6AC11A1D2137BB009EC80C /* Account+CoreDataProperties.swift */,
				FB6AC11B1D2137BB009EC80C /* Account.swift */,
				FB6AC1121D2137BB009EC80C /* Budget+CoreDataProperties.swift */,
				FB6AC1131D2137BB009EC80C /* Budget.swift */,
				FB6AC1101D2137BB009EC80C /* Category+CoreDataProperties.swift */,
				FB6AC1111D2137BB009EC80C /* Category.swift */,
				FB6AC1161D2137BB009EC80C /* Record+CoreDataProperties.swift */,
				FB6AC1171D2137BB009EC80C /* Record.swift */,
				FB6AC1181D2137BB009EC80C /* Target+CoreDataProperties.swift */,
				FB6AC1191D2137BB009EC80C /* Target.swift */,
				FB6AC11C1D2137BB009EC80C /* Transaction+CoreDataProperties.swift */,
				FB6AC11D1D2137BB009EC80C /* Transaction.swift */,
				FB6AC1141D2137BB009EC80C /* Wishitem+CoreDataProperties.swift */,
				FB6AC1151D2137BB009EC80C /* Wishitem.swift */,
			);
			path = ManagedObjects;
			sourceTree = "<group>";
		};
		FB97C33B1CB499E500C35BC0 /* Controllers */ = {
			isa = PBXGroup;
			children = (
				FB97C33D1CB49B3800C35BC0 /* AccountScreens */,
				FB97C33C1CB499ED00C35BC0 /* AppLauncher */,
				FB97C33E1CB49B4400C35BC0 /* BudgetScreens */,
				FB97C3401CB49B5200C35BC0 /* DashboardScreens */,
				FB97C33F1CB49B4C00C35BC0 /* RecordScreens */,
			);
			path = Controllers;
			sourceTree = "<group>";
		};
		FB97C33C1CB499ED00C35BC0 /* AppLauncher */ = {
			isa = PBXGroup;
			children = (
				FB97C3061CB4974F00C35BC0 /* AppDelegate.swift */,
			);
			path = AppLauncher;
			sourceTree = "<group>";
		};
		FB97C33D1CB49B3800C35BC0 /* AccountScreens */ = {
			isa = PBXGroup;
			children = (
				FB8550F01CBDE2990037A881 /* AccountsTableViewController.swift */,
				FB8550F21CBDE4FF0037A881 /* AddEditAccountTableViewController.swift */,
				FB8550F41CBDE6300037A881 /* CurrencyPickerTableViewController.swift */,
			);
			path = AccountScreens;
			sourceTree = "<group>";
		};
		FB97C33E1CB49B4400C35BC0 /* BudgetScreens */ = {
			isa = PBXGroup;
			children = (
				FB8550F81CBDF41F0037A881 /* AddEditBudgetTableViewController.swift */,
				FB61662F1D1F669F007DE4C2 /* BudgetViewController.swift */,
			);
			path = BudgetScreens;
			sourceTree = "<group>";
		};
		FB97C33F1CB49B4C00C35BC0 /* RecordScreens */ = {
			isa = PBXGroup;
			children = (
				FB8551001CBE27BF0037A881 /* AddTargetViewController.swift */,
				FB8551021CBE27F50037A881 /* DataViewController.swift */,
				FB8550FE1CBE27950037A881 /* RecordsViewController.swift */,
			);
			path = RecordScreens;
			sourceTree = "<group>";
		};
		FB97C3401CB49B5200C35BC0 /* DashboardScreens */ = {
			isa = PBXGroup;
			children = (
				FB8550FC1CBE0DC90037A881 /* AddNewTransactionViewController.swift */,
				FB8550FA1CBE0DB70037A881 /* DashboardViewController.swift */,
			);
			path = DashboardScreens;
			sourceTree = "<group>";
		};
		FB97C3411CB49B5A00C35BC0 /* Helpers */ = {
			isa = PBXGroup;
			children = (
				FBDF48321D051E5800C9E2D8 /* Bunnies */,
				FBE3F9831CFD80DD00C56107 /* Constants */,
				FBE3F9851CFD80FE00C56107 /* Extensions */,
				FBE3F9821CFD80CD00C56107 /* Utilities */,
				FBE3F9841CFD80EC00C56107 /* Validators */,
			);
			path = Helpers;
			sourceTree = "<group>";
		};
		FB97C3421CB49B5E00C35BC0 /* Views */ = {
			isa = PBXGroup;
			children = (
				FBD6E2AB1CE4B06600D2F14A /* AccountsTableViewCell.swift */,
				FB3401C01CC4E6680038C1BB /* AddEditAccountTableViewCell.swift */,
				FB61662D1D1E727B007DE4C2 /* AddEditBudgetTableViewCell.swift */,
				FB169E461D2A041C00AB6439 /* BudgetTableViewCell.swift */,
				FBA035CA1CC78D330050E59B /* CurrencyTableViewCell.swift */,
			);
			path = Views;
			sourceTree = "<group>";
		};
		FB97C3441CB49BEE00C35BC0 /* Resources */ = {
			isa = PBXGroup;
			children = (
				FB97C3451CB49BF200C35BC0 /* Localization */,
				FB97C3461CB49BF600C35BC0 /* PropertyLists */,
				FB97C3471CB49BFD00C35BC0 /* Storyboards */,
				FB97C3101CB4975000C35BC0 /* Assets.xcassets */,
			);
			path = Resources;
			sourceTree = "<group>";
		};
		FB97C3451CB49BF200C35BC0 /* Localization */ = {
			isa = PBXGroup;
			children = (
				FBFE42F71CCF34A1000206FE /* Localizable.strings */,
			);
			path = Localization;
			sourceTree = "<group>";
		};
		FB97C3461CB49BF600C35BC0 /* PropertyLists */ = {
			isa = PBXGroup;
			children = (
				FB97C3151CB4975000C35BC0 /* Info.plist */,
			);
			path = PropertyLists;
			sourceTree = "<group>";
		};
		FB97C3471CB49BFD00C35BC0 /* Storyboards */ = {
			isa = PBXGroup;
			children = (
				FB97C3121CB4975000C35BC0 /* LaunchScreen.storyboard */,
				FB97C30A1CB4974F00C35BC0 /* Main.storyboard */,
			);
			path = Storyboards;
			sourceTree = "<group>";
		};
		FB9CD8B11CB49DA40031E3B8 /* Classes */ = {
			isa = PBXGroup;
			children = (
			);
			path = Classes;
			sourceTree = "<group>";
		};
		FB9CD8B21CB49DAF0031E3B8 /* Tests */ = {
			isa = PBXGroup;
			children = (
				FB97C31E1CB4975000C35BC0 /* BudgetBunnyTests.swift */,
			);
			path = Tests;
			sourceTree = "<group>";
		};
		FB9CD8B31CB49DB40031E3B8 /* Classes */ = {
			isa = PBXGroup;
			children = (
				FBBEBF721CDD8411000AE2C9 /* AccountScreen.swift */,
				FB312E6B1CDD8C32000788EE /* AddAccountScreen.swift */,
				FBF32F9B1D23D86A0023E116 /* AddBudgetScreen.swift */,
				FBBEBF741CDD85F1000AE2C9 /* BaseScreen.swift */,
				FBF32F971D23D74D0023E116 /* BudgetScreen.swift */,
				FBDF483E1D056A5800C9E2D8 /* BunnyUIUtils.swift */,
				FB39C4571CDD8F3700780E61 /* CurrencyPickerScreen.swift */,
				FB0F38E91CDD7FB8002656FF /* ScreenManager.swift */,
				FB0DBABF1D00964600980BE5 /* XCUIElement.swift */,
			);
			path = Classes;
			sourceTree = "<group>";
		};
		FB9CD8B41CB49DB70031E3B8 /* Tests */ = {
			isa = PBXGroup;
			children = (
				FBBEBF701CDD8382000AE2C9 /* AccountScreenUITests.swift */,
				FBF32F991D23D7A20023E116 /* BudgetScreenUITests.swift */,
				FB97C3291CB4975000C35BC0 /* LocationUITests.swift */,
			);
			path = Tests;
			sourceTree = "<group>";
		};
		FBDF48321D051E5800C9E2D8 /* Bunnies */ = {
			isa = PBXGroup;
			children = (
				FBDF48371D055EE000C9E2D8 /* BunnyTabBarController.swift */,
				FBDF48331D051E8B00C9E2D8 /* BunnyTextField.swift */,
				FB169E481D2A109800AB6439 /* BunnyTableViewCellProtocol.swift */,
			);
			path = Bunnies;
			sourceTree = "<group>";
		};
		FBE3F9821CFD80CD00C56107 /* Utilities */ = {
			isa = PBXGroup;
			children = (
				FBE3F9801CFD404A00C56107 /* AccountUtils.swift */,
				FB2445361CCF5B3400E55941 /* BunnyUtils.swift */,
			);
			path = Utilities;
			sourceTree = "<group>";
		};
		FBE3F9831CFD80DD00C56107 /* Constants */ = {
			isa = PBXGroup;
			children = (
				FB5FF8201CC134D10090F5FA /* Constants.swift */,
				FBB238ED1CF984AD0011C59D /* ModelConstants.swift */,
				FBB238EB1CF9585A0011C59D /* ScreenConstants.swift */,
				FB49683D1CD0ADC9006A0177 /* StringConstants.swift */,
			);
			path = Constants;
			sourceTree = "<group>";
		};
		FBE3F9841CFD80EC00C56107 /* Validators */ = {
			isa = PBXGroup;
			children = (
				FB238F2B1CEE0EF200636CCC /* AttributeUniquenessValidator.swift */,
				FB6166311D1FA9E7007DE4C2 /* CategoryUniquenessValidator.swift */,
				FB2E8FBD1D25FD3100567048 /* EmptyArrayValidator.swift */,
				FB0928AA1CECC54900E73FF1 /* EmptyStringValidator.swift */,
				FB6CED231CEDE48800FB222E /* Validator.swift */,
				FB0928A81CECBE6900E73FF1 /* ValidatorProtocol.swift */,
			);
			path = Validators;
			sourceTree = "<group>";
		};
		FBE3F9851CFD80FE00C56107 /* Extensions */ = {
			isa = PBXGroup;
			children = (
				FB3DD69C1CEA0779005D1F1F /* Double+Bunnies.swift */,
				FB337CF11CD8FB4900F32AE8 /* UIViewController+Bunnies.swift */,
			);
			path = Extensions;
			sourceTree = "<group>";
		};
/* End PBXGroup section */

/* Begin PBXNativeTarget section */
		FB97C3021CB4974F00C35BC0 /* BudgetBunny */ = {
			isa = PBXNativeTarget;
			buildConfigurationList = FB97C32E1CB4975000C35BC0 /* Build configuration list for PBXNativeTarget "BudgetBunny" */;
			buildPhases = (
				FB97C2FF1CB4974F00C35BC0 /* Sources */,
				FB97C3001CB4974F00C35BC0 /* Frameworks */,
				FB97C3011CB4974F00C35BC0 /* Resources */,
			);
			buildRules = (
			);
			dependencies = (
			);
			name = BudgetBunny;
			productName = BudgetBunny;
			productReference = FB97C3031CB4974F00C35BC0 /* BudgetBunny.app */;
			productType = "com.apple.product-type.application";
		};
		FB97C3191CB4975000C35BC0 /* BudgetBunnyTests */ = {
			isa = PBXNativeTarget;
			buildConfigurationList = FB97C3311CB4975000C35BC0 /* Build configuration list for PBXNativeTarget "BudgetBunnyTests" */;
			buildPhases = (
				FB97C3161CB4975000C35BC0 /* Sources */,
				FB97C3171CB4975000C35BC0 /* Frameworks */,
				FB97C3181CB4975000C35BC0 /* Resources */,
			);
			buildRules = (
			);
			dependencies = (
				FB97C31C1CB4975000C35BC0 /* PBXTargetDependency */,
			);
			name = BudgetBunnyTests;
			productName = BudgetBunnyTests;
			productReference = FB97C31A1CB4975000C35BC0 /* BudgetBunnyTests.xctest */;
			productType = "com.apple.product-type.bundle.unit-test";
		};
		FB97C3241CB4975000C35BC0 /* BudgetBunnyUITests */ = {
			isa = PBXNativeTarget;
			buildConfigurationList = FB97C3341CB4975000C35BC0 /* Build configuration list for PBXNativeTarget "BudgetBunnyUITests" */;
			buildPhases = (
				FB97C3211CB4975000C35BC0 /* Sources */,
				FB97C3221CB4975000C35BC0 /* Frameworks */,
				FB97C3231CB4975000C35BC0 /* Resources */,
			);
			buildRules = (
			);
			dependencies = (
				FB97C3271CB4975000C35BC0 /* PBXTargetDependency */,
			);
			name = BudgetBunnyUITests;
			productName = BudgetBunnyUITests;
			productReference = FB97C3251CB4975000C35BC0 /* BudgetBunnyUITests.xctest */;
			productType = "com.apple.product-type.bundle.ui-testing";
		};
/* End PBXNativeTarget section */

/* Begin PBXProject section */
		FB97C2FB1CB4974F00C35BC0 /* Project object */ = {
			isa = PBXProject;
			attributes = {
				LastSwiftUpdateCheck = 0720;
				LastUpgradeCheck = 0720;
				ORGANIZATIONNAME = "Kiefer Yap";
				TargetAttributes = {
					FB97C3021CB4974F00C35BC0 = {
						CreatedOnToolsVersion = 7.2;
						DevelopmentTeam = 5XKM8VQ32H;
					};
					FB97C3191CB4975000C35BC0 = {
						CreatedOnToolsVersion = 7.2;
						TestTargetID = FB97C3021CB4974F00C35BC0;
					};
					FB97C3241CB4975000C35BC0 = {
						CreatedOnToolsVersion = 7.2;
						TestTargetID = FB97C3021CB4974F00C35BC0;
					};
				};
			};
			buildConfigurationList = FB97C2FE1CB4974F00C35BC0 /* Build configuration list for PBXProject "BudgetBunny" */;
			compatibilityVersion = "Xcode 3.2";
			developmentRegion = English;
			hasScannedForEncodings = 0;
			knownRegions = (
				en,
				Base,
				ja,
				"zh-Hans",
			);
			mainGroup = FB97C2FA1CB4974F00C35BC0;
			productRefGroup = FB97C3041CB4974F00C35BC0 /* Products */;
			projectDirPath = "";
			projectRoot = "";
			targets = (
				FB97C3021CB4974F00C35BC0 /* BudgetBunny */,
				FB97C3191CB4975000C35BC0 /* BudgetBunnyTests */,
				FB97C3241CB4975000C35BC0 /* BudgetBunnyUITests */,
			);
		};
/* End PBXProject section */

/* Begin PBXResourcesBuildPhase section */
		FB97C3011CB4974F00C35BC0 /* Resources */ = {
			isa = PBXResourcesBuildPhase;
			buildActionMask = 2147483647;
			files = (
				FBD2D2471CD1B8D900149289 /* Main.storyboard in Resources */,
				FBFE42F51CCF34A1000206FE /* Localizable.strings in Resources */,
				FB97C3111CB4975000C35BC0 /* Assets.xcassets in Resources */,
			);
			runOnlyForDeploymentPostprocessing = 0;
		};
		FB97C3181CB4975000C35BC0 /* Resources */ = {
			isa = PBXResourcesBuildPhase;
			buildActionMask = 2147483647;
			files = (
				FBDF48401D056D3300C9E2D8 /* Localizable.strings in Resources */,
			);
			runOnlyForDeploymentPostprocessing = 0;
		};
		FB97C3231CB4975000C35BC0 /* Resources */ = {
			isa = PBXResourcesBuildPhase;
			buildActionMask = 2147483647;
			files = (
				FBDF483D1D056A3D00C9E2D8 /* Localizable.strings in Resources */,
			);
			runOnlyForDeploymentPostprocessing = 0;
		};
/* End PBXResourcesBuildPhase section */

/* Begin PBXSourcesBuildPhase section */
		FB97C2FF1CB4974F00C35BC0 /* Sources */ = {
			isa = PBXSourcesBuildPhase;
			buildActionMask = 2147483647;
			files = (
				FB337CF21CD8FB4900F32AE8 /* UIViewController+Bunnies.swift in Sources */,
				FB8550FB1CBE0DB70037A881 /* DashboardViewController.swift in Sources */,
				FB6AC1281D2137BB009EC80C /* Account+CoreDataProperties.swift in Sources */,
				FB6CED241CEDE48800FB222E /* Validator.swift in Sources */,
				FB6AC1251D2137BB009EC80C /* Record.swift in Sources */,
				FBDF48341D051E8B00C9E2D8 /* BunnyTextField.swift in Sources */,
				FB6B602C1D28F2B100C81ED2 /* IncomeCell.swift in Sources */,
				FB49683E1CD0ADC9006A0177 /* StringConstants.swift in Sources */,
				FB61662E1D1E727B007DE4C2 /* AddEditBudgetTableViewCell.swift in Sources */,
				FB2445371CCF5B3400E55941 /* BunnyUtils.swift in Sources */,
				FB6AC11E1D2137BB009EC80C /* Category+CoreDataProperties.swift in Sources */,
				FB6AC1271D2137BB009EC80C /* Target.swift in Sources */,
				FB6AC1291D2137BB009EC80C /* Account.swift in Sources */,
				FB6AC12A1D2137BB009EC80C /* Transaction+CoreDataProperties.swift in Sources */,
				FB8550F91CBDF41F0037A881 /* AddEditBudgetTableViewController.swift in Sources */,
				FB2E8FBE1D25FD3100567048 /* EmptyArrayValidator.swift in Sources */,
				FB6AC11F1D2137BB009EC80C /* Category.swift in Sources */,
				FB169E471D2A041C00AB6439 /* BudgetTableViewCell.swift in Sources */,
				FBE3F9811CFD404A00C56107 /* AccountUtils.swift in Sources */,
				FB6AC1221D2137BB009EC80C /* Wishitem+CoreDataProperties.swift in Sources */,
				FB0928A91CECBE6900E73FF1 /* ValidatorProtocol.swift in Sources */,
				FB238F2E1CEE101900636CCC /* AttributeModel.swift in Sources */,
				FB8550FF1CBE27950037A881 /* RecordsViewController.swift in Sources */,
				FB8550F51CBDE6300037A881 /* CurrencyPickerTableViewController.swift in Sources */,
				FB6166321D1FA9E7007DE4C2 /* CategoryUniquenessValidator.swift in Sources */,
				FB3DD69D1CEA0779005D1F1F /* Double+Bunnies.swift in Sources */,
				FB5FF8211CC134D10090F5FA /* Constants.swift in Sources */,
				FB6AC1201D2137BB009EC80C /* Budget+CoreDataProperties.swift in Sources */,
				FB8A9B981CC65AB10017D0D3 /* Currency.swift in Sources */,
				FBB238EE1CF984AD0011C59D /* ModelConstants.swift in Sources */,
				FB6AC1241D2137BB009EC80C /* Record+CoreDataProperties.swift in Sources */,
				FBB238EC1CF9585A0011C59D /* ScreenConstants.swift in Sources */,
				FB0928AB1CECC54B00E73FF1 /* EmptyStringValidator.swift in Sources */,
				FBDF48381D055EE000C9E2D8 /* BunnyTabBarController.swift in Sources */,
				FB3401C11CC4E6680038C1BB /* AddEditAccountTableViewCell.swift in Sources */,
				FB6AC1261D2137BB009EC80C /* Target+CoreDataProperties.swift in Sources */,
				FB6AC1231D2137BB009EC80C /* Wishitem.swift in Sources */,
				FBA035CB1CC78D330050E59B /* CurrencyTableViewCell.swift in Sources */,
				FB6166301D1F669F007DE4C2 /* BudgetViewController.swift in Sources */,
				FB97C30F1CB4974F00C35BC0 /* BudgetBunny.xcdatamodeld in Sources */,
				FB8550FD1CBE0DC90037A881 /* AddNewTransactionViewController.swift in Sources */,
				FB8A9B9A1CC65AC40017D0D3 /* CurrencyManager.swift in Sources */,
				FB8551031CBE27F50037A881 /* DataViewController.swift in Sources */,
				FB6AC12B1D2137BB009EC80C /* Transaction.swift in Sources */,
				FBD6E2AC1CE4B06600D2F14A /* AccountsTableViewCell.swift in Sources */,
				FB97C3071CB4974F00C35BC0 /* AppDelegate.swift in Sources */,
				FBD06A7B1CE4E47200C32672 /* AccountCell.swift in Sources */,
				FB6B602A1D28F29D00C81ED2 /* BudgetCell.swift in Sources */,
				FB238F2C1CEE0EF200636CCC /* AttributeUniquenessValidator.swift in Sources */,
				FB02567F1D1D236400352B19 /* AddEditBudgetCell.swift in Sources */,
				FB337CF01CD791F900F32AE8 /* BunnyCell.swift in Sources */,
				FB8550F11CBDE2990037A881 /* AccountsTableViewController.swift in Sources */,
				FB8551011CBE27BF0037A881 /* AddTargetViewController.swift in Sources */,
				FBA845B91CC277F000C26380 /* AddEditAccountCell.swift in Sources */,
				FB169E491D2A109800AB6439 /* BunnyTableViewCellProtocol.swift in Sources */,
				FB6AC1211D2137BB009EC80C /* Budget.swift in Sources */,
				FB8550F31CBDE4FF0037A881 /* AddEditAccountTableViewController.swift in Sources */,
				FB52461C1CF5F212005B3679 /* BunnyModel.swift in Sources */,
			);
			runOnlyForDeploymentPostprocessing = 0;
		};
		FB97C3161CB4975000C35BC0 /* Sources */ = {
			isa = PBXSourcesBuildPhase;
			buildActionMask = 2147483647;
			files = (
				FB97C31F1CB4975000C35BC0 /* BudgetBunnyTests.swift in Sources */,
				FB5FF8221CC134D10090F5FA /* Constants.swift in Sources */,
			);
			runOnlyForDeploymentPostprocessing = 0;
		};
		FB97C3211CB4975000C35BC0 /* Sources */ = {
			isa = PBXSourcesBuildPhase;
			buildActionMask = 2147483647;
			files = (
				FB97C32A1CB4975000C35BC0 /* LocationUITests.swift in Sources */,
				FBDF483B1D056A1700C9E2D8 /* StringConstants.swift in Sources */,
				FBBEBF711CDD8382000AE2C9 /* AccountScreenUITests.swift in Sources */,
				FBF32F9C1D23D86A0023E116 /* AddBudgetScreen.swift in Sources */,
				FB312E6C1CDD8C32000788EE /* AddAccountScreen.swift in Sources */,
				FBBEBF751CDD85F1000AE2C9 /* BaseScreen.swift in Sources */,
				FB0F38EA1CDD7FB8002656FF /* ScreenManager.swift in Sources */,
				FB5F91D31D010DB100F7F0D8 /* TestConstants.swift in Sources */,
				FBBEBF731CDD8411000AE2C9 /* AccountScreen.swift in Sources */,
				FBDF483F1D056A5800C9E2D8 /* BunnyUIUtils.swift in Sources */,
				FBF32F981D23D74D0023E116 /* BudgetScreen.swift in Sources */,
				FB39C4581CDD8F3700780E61 /* CurrencyPickerScreen.swift in Sources */,
				FB0DBAC01D00964600980BE5 /* XCUIElement.swift in Sources */,
				FBF32F9A1D23D7A20023E116 /* BudgetScreenUITests.swift in Sources */,
				FB5FF8231CC134D10090F5FA /* Constants.swift in Sources */,
			);
			runOnlyForDeploymentPostprocessing = 0;
		};
/* End PBXSourcesBuildPhase section */

/* Begin PBXTargetDependency section */
		FB97C31C1CB4975000C35BC0 /* PBXTargetDependency */ = {
			isa = PBXTargetDependency;
			target = FB97C3021CB4974F00C35BC0 /* BudgetBunny */;
			targetProxy = FB97C31B1CB4975000C35BC0 /* PBXContainerItemProxy */;
		};
		FB97C3271CB4975000C35BC0 /* PBXTargetDependency */ = {
			isa = PBXTargetDependency;
			target = FB97C3021CB4974F00C35BC0 /* BudgetBunny */;
			targetProxy = FB97C3261CB4975000C35BC0 /* PBXContainerItemProxy */;
		};
/* End PBXTargetDependency section */

/* Begin PBXVariantGroup section */
		FB97C30A1CB4974F00C35BC0 /* Main.storyboard */ = {
			isa = PBXVariantGroup;
			children = (
				FB97C30B1CB4974F00C35BC0 /* Base */,
			);
			name = Main.storyboard;
			path = .;
			sourceTree = "<group>";
		};
		FB97C3121CB4975000C35BC0 /* LaunchScreen.storyboard */ = {
			isa = PBXVariantGroup;
			children = (
				FB97C3131CB4975000C35BC0 /* Base */,
				FBEB61561CCF30F100FE1660 /* ja */,
				FBEB61581CCF30FB00FE1660 /* zh-Hans */,
			);
			name = LaunchScreen.storyboard;
			path = .;
			sourceTree = "<group>";
		};
		FBFE42F71CCF34A1000206FE /* Localizable.strings */ = {
			isa = PBXVariantGroup;
			children = (
				FBFE42F61CCF34A1000206FE /* en */,
				FBFE42F81CCF34A3000206FE /* ja */,
				FBFE42F91CCF34A5000206FE /* zh-Hans */,
			);
			name = Localizable.strings;
			path = .;
			sourceTree = "<group>";
		};
/* End PBXVariantGroup section */

/* Begin XCBuildConfiguration section */
		FB97C32C1CB4975000C35BC0 /* Debug */ = {
			isa = XCBuildConfiguration;
			buildSettings = {
				ALWAYS_SEARCH_USER_PATHS = NO;
				CLANG_CXX_LANGUAGE_STANDARD = "gnu++0x";
				CLANG_CXX_LIBRARY = "libc++";
				CLANG_ENABLE_MODULES = YES;
				CLANG_ENABLE_OBJC_ARC = YES;
				CLANG_WARN_BOOL_CONVERSION = YES;
				CLANG_WARN_CONSTANT_CONVERSION = YES;
				CLANG_WARN_DIRECT_OBJC_ISA_USAGE = YES_ERROR;
				CLANG_WARN_EMPTY_BODY = YES;
				CLANG_WARN_ENUM_CONVERSION = YES;
				CLANG_WARN_INT_CONVERSION = YES;
				CLANG_WARN_OBJC_ROOT_CLASS = YES_ERROR;
				CLANG_WARN_UNREACHABLE_CODE = YES;
				CLANG_WARN__DUPLICATE_METHOD_MATCH = YES;
				"CODE_SIGN_IDENTITY[sdk=iphoneos*]" = "iPhone Developer";
				COPY_PHASE_STRIP = NO;
				DEBUG_INFORMATION_FORMAT = dwarf;
				ENABLE_STRICT_OBJC_MSGSEND = YES;
				ENABLE_TESTABILITY = YES;
				GCC_C_LANGUAGE_STANDARD = gnu99;
				GCC_DYNAMIC_NO_PIC = NO;
				GCC_NO_COMMON_BLOCKS = YES;
				GCC_OPTIMIZATION_LEVEL = 0;
				GCC_PREPROCESSOR_DEFINITIONS = (
					"DEBUG=1",
					"$(inherited)",
				);
				GCC_WARN_64_TO_32_BIT_CONVERSION = YES;
				GCC_WARN_ABOUT_RETURN_TYPE = YES_ERROR;
				GCC_WARN_UNDECLARED_SELECTOR = YES;
				GCC_WARN_UNINITIALIZED_AUTOS = YES_AGGRESSIVE;
				GCC_WARN_UNUSED_FUNCTION = YES;
				GCC_WARN_UNUSED_VARIABLE = YES;
				IPHONEOS_DEPLOYMENT_TARGET = 8.1;
				MTL_ENABLE_DEBUG_INFO = YES;
				ONLY_ACTIVE_ARCH = YES;
				SDKROOT = iphoneos;
				SWIFT_OPTIMIZATION_LEVEL = "-Onone";
				TARGETED_DEVICE_FAMILY = "1,2";
			};
			name = Debug;
		};
		FB97C32D1CB4975000C35BC0 /* Release */ = {
			isa = XCBuildConfiguration;
			buildSettings = {
				ALWAYS_SEARCH_USER_PATHS = NO;
				CLANG_CXX_LANGUAGE_STANDARD = "gnu++0x";
				CLANG_CXX_LIBRARY = "libc++";
				CLANG_ENABLE_MODULES = YES;
				CLANG_ENABLE_OBJC_ARC = YES;
				CLANG_WARN_BOOL_CONVERSION = YES;
				CLANG_WARN_CONSTANT_CONVERSION = YES;
				CLANG_WARN_DIRECT_OBJC_ISA_USAGE = YES_ERROR;
				CLANG_WARN_EMPTY_BODY = YES;
				CLANG_WARN_ENUM_CONVERSION = YES;
				CLANG_WARN_INT_CONVERSION = YES;
				CLANG_WARN_OBJC_ROOT_CLASS = YES_ERROR;
				CLANG_WARN_UNREACHABLE_CODE = YES;
				CLANG_WARN__DUPLICATE_METHOD_MATCH = YES;
				"CODE_SIGN_IDENTITY[sdk=iphoneos*]" = "iPhone Developer";
				COPY_PHASE_STRIP = NO;
				DEBUG_INFORMATION_FORMAT = "dwarf-with-dsym";
				ENABLE_NS_ASSERTIONS = NO;
				ENABLE_STRICT_OBJC_MSGSEND = YES;
				GCC_C_LANGUAGE_STANDARD = gnu99;
				GCC_NO_COMMON_BLOCKS = YES;
				GCC_WARN_64_TO_32_BIT_CONVERSION = YES;
				GCC_WARN_ABOUT_RETURN_TYPE = YES_ERROR;
				GCC_WARN_UNDECLARED_SELECTOR = YES;
				GCC_WARN_UNINITIALIZED_AUTOS = YES_AGGRESSIVE;
				GCC_WARN_UNUSED_FUNCTION = YES;
				GCC_WARN_UNUSED_VARIABLE = YES;
				IPHONEOS_DEPLOYMENT_TARGET = 8.1;
				MTL_ENABLE_DEBUG_INFO = NO;
				SDKROOT = iphoneos;
				TARGETED_DEVICE_FAMILY = "1,2";
				VALIDATE_PRODUCT = YES;
			};
			name = Release;
		};
		FB97C32F1CB4975000C35BC0 /* Debug */ = {
			isa = XCBuildConfiguration;
			buildSettings = {
				ASSETCATALOG_COMPILER_APPICON_NAME = AppIcon;
				CODE_SIGN_IDENTITY = "iPhone Developer";
				"CODE_SIGN_IDENTITY[sdk=iphoneos*]" = "iPhone Developer";
				INFOPLIST_FILE = BudgetBunny/Resources/PropertyLists/Info.plist;
				LD_RUNPATH_SEARCH_PATHS = "$(inherited) @executable_path/Frameworks";
				PRODUCT_BUNDLE_IDENTIFIER = com.kieferyap2.BudgetBunny;
				PRODUCT_NAME = "$(TARGET_NAME)";
				PROVISIONING_PROFILE = "";
				SWIFT_OPTIMIZATION_LEVEL = "-Onone";
			};
			name = Debug;
		};
		FB97C3301CB4975000C35BC0 /* Release */ = {
			isa = XCBuildConfiguration;
			buildSettings = {
				ASSETCATALOG_COMPILER_APPICON_NAME = AppIcon;
				CODE_SIGN_IDENTITY = "iPhone Developer";
				"CODE_SIGN_IDENTITY[sdk=iphoneos*]" = "iPhone Developer";
				INFOPLIST_FILE = BudgetBunny/Resources/PropertyLists/Info.plist;
				LD_RUNPATH_SEARCH_PATHS = "$(inherited) @executable_path/Frameworks";
				PRODUCT_BUNDLE_IDENTIFIER = com.kieferyap2.BudgetBunny;
				PRODUCT_NAME = "$(TARGET_NAME)";
				PROVISIONING_PROFILE = "";
				SWIFT_OPTIMIZATION_LEVEL = "-Owholemodule";
			};
			name = Release;
		};
		FB97C3321CB4975000C35BC0 /* Debug */ = {
			isa = XCBuildConfiguration;
			buildSettings = {
				BUNDLE_LOADER = "$(TEST_HOST)";
				INFOPLIST_FILE = BudgetBunnyTests/Info.plist;
				LD_RUNPATH_SEARCH_PATHS = "$(inherited) @executable_path/Frameworks @loader_path/Frameworks";
				PRODUCT_BUNDLE_IDENTIFIER = com.kieferyap.BudgetBunnyTests;
				PRODUCT_NAME = "$(TARGET_NAME)";
				TEST_HOST = "$(BUILT_PRODUCTS_DIR)/BudgetBunny.app/BudgetBunny";
			};
			name = Debug;
		};
		FB97C3331CB4975000C35BC0 /* Release */ = {
			isa = XCBuildConfiguration;
			buildSettings = {
				BUNDLE_LOADER = "$(TEST_HOST)";
				INFOPLIST_FILE = BudgetBunnyTests/Info.plist;
				LD_RUNPATH_SEARCH_PATHS = "$(inherited) @executable_path/Frameworks @loader_path/Frameworks";
				PRODUCT_BUNDLE_IDENTIFIER = com.kieferyap.BudgetBunnyTests;
				PRODUCT_NAME = "$(TARGET_NAME)";
				TEST_HOST = "$(BUILT_PRODUCTS_DIR)/BudgetBunny.app/BudgetBunny";
			};
			name = Release;
		};
		FB97C3351CB4975000C35BC0 /* Debug */ = {
			isa = XCBuildConfiguration;
			buildSettings = {
				INFOPLIST_FILE = BudgetBunnyUITests/Info.plist;
				LD_RUNPATH_SEARCH_PATHS = "$(inherited) @executable_path/Frameworks @loader_path/Frameworks";
				PRODUCT_BUNDLE_IDENTIFIER = com.kieferyap.BudgetBunnyUITests;
				PRODUCT_NAME = "$(TARGET_NAME)";
				SWIFT_OPTIMIZATION_LEVEL = "-Owholemodule";
				TEST_TARGET_NAME = BudgetBunny;
				USES_XCTRUNNER = YES;
			};
			name = Debug;
		};
		FB97C3361CB4975000C35BC0 /* Release */ = {
			isa = XCBuildConfiguration;
			buildSettings = {
				INFOPLIST_FILE = BudgetBunnyUITests/Info.plist;
				LD_RUNPATH_SEARCH_PATHS = "$(inherited) @executable_path/Frameworks @loader_path/Frameworks";
				PRODUCT_BUNDLE_IDENTIFIER = com.kieferyap.BudgetBunnyUITests;
				PRODUCT_NAME = "$(TARGET_NAME)";
				SWIFT_OPTIMIZATION_LEVEL = "-Owholemodule";
				TEST_TARGET_NAME = BudgetBunny;
				USES_XCTRUNNER = YES;
			};
			name = Release;
		};
/* End XCBuildConfiguration section */

/* Begin XCConfigurationList section */
		FB97C2FE1CB4974F00C35BC0 /* Build configuration list for PBXProject "BudgetBunny" */ = {
			isa = XCConfigurationList;
			buildConfigurations = (
				FB97C32C1CB4975000C35BC0 /* Debug */,
				FB97C32D1CB4975000C35BC0 /* Release */,
			);
			defaultConfigurationIsVisible = 0;
			defaultConfigurationName = Debug;
		};
		FB97C32E1CB4975000C35BC0 /* Build configuration list for PBXNativeTarget "BudgetBunny" */ = {
			isa = XCConfigurationList;
			buildConfigurations = (
				FB97C32F1CB4975000C35BC0 /* Debug */,
				FB97C3301CB4975000C35BC0 /* Release */,
			);
			defaultConfigurationIsVisible = 0;
			defaultConfigurationName = Debug;
		};
		FB97C3311CB4975000C35BC0 /* Build configuration list for PBXNativeTarget "BudgetBunnyTests" */ = {
			isa = XCConfigurationList;
			buildConfigurations = (
				FB97C3321CB4975000C35BC0 /* Debug */,
				FB97C3331CB4975000C35BC0 /* Release */,
			);
			defaultConfigurationIsVisible = 0;
			defaultConfigurationName = Debug;
		};
		FB97C3341CB4975000C35BC0 /* Build configuration list for PBXNativeTarget "BudgetBunnyUITests" */ = {
			isa = XCConfigurationList;
			buildConfigurations = (
				FB97C3351CB4975000C35BC0 /* Debug */,
				FB97C3361CB4975000C35BC0 /* Release */,
			);
			defaultConfigurationIsVisible = 0;
			defaultConfigurationName = Debug;
		};
/* End XCConfigurationList section */

/* Begin XCVersionGroup section */
		FB97C30D1CB4974F00C35BC0 /* BudgetBunny.xcdatamodeld */ = {
			isa = XCVersionGroup;
			children = (
				FB97C30E1CB4974F00C35BC0 /* BudgetBunny.xcdatamodel */,
			);
			currentVersion = FB97C30E1CB4974F00C35BC0 /* BudgetBunny.xcdatamodel */;
			path = BudgetBunny.xcdatamodeld;
			sourceTree = "<group>";
			versionGroupType = wrapper.xcdatamodel;
		};
/* End XCVersionGroup section */
	};
	rootObject = FB97C2FB1CB4974F00C35BC0 /* Project object */;
}
