// !$*UTF8*$!
{
	archiveVersion = 1;
	classes = {
	};
	objectVersion = 46;
	objects = {

/* Begin PBXBuildFile section */
		FBD833691CAC15980020AF3E /* main.m in Sources */ = {isa = PBXBuildFile; fileRef = FBD833681CAC15980020AF3E /* main.m */; };
		FBD8336C1CAC15980020AF3E /* AppDelegate.m in Sources */ = {isa = PBXBuildFile; fileRef = FBD8336B1CAC15980020AF3E /* AppDelegate.m */; };
		FBD8336F1CAC15980020AF3E /* ViewController.m in Sources */ = {isa = PBXBuildFile; fileRef = FBD8336E1CAC15980020AF3E /* ViewController.m */; };
		FBD833721CAC15980020AF3E /* Main.storyboard in Resources */ = {isa = PBXBuildFile; fileRef = FBD833701CAC15980020AF3E /* Main.storyboard */; };
		FBD833751CAC15980020AF3E /* BudgetBunny.xcdatamodeld in Sources */ = {isa = PBXBuildFile; fileRef = FBD833731CAC15980020AF3E /* BudgetBunny.xcdatamodeld */; };
		FBD833771CAC15980020AF3E /* Assets.xcassets in Resources */ = {isa = PBXBuildFile; fileRef = FBD833761CAC15980020AF3E /* Assets.xcassets */; };
		FBD8337A1CAC15980020AF3E /* LaunchScreen.storyboard in Resources */ = {isa = PBXBuildFile; fileRef = FBD833781CAC15980020AF3E /* LaunchScreen.storyboard */; };
		FBD833851CAC15980020AF3E /* BudgetBunnyTests.m in Sources */ = {isa = PBXBuildFile; fileRef = FBD833841CAC15980020AF3E /* BudgetBunnyTests.m */; };
		FBD833901CAC15980020AF3E /* BudgetBunnyUITests.m in Sources */ = {isa = PBXBuildFile; fileRef = FBD8338F1CAC15980020AF3E /* BudgetBunnyUITests.m */; };
		FBDAADE81CB3FF7200DEBDBC /* Record+CoreDataProperties.m in Sources */ = {isa = PBXBuildFile; fileRef = FBDAADCD1CB3FF7200DEBDBC /* Record+CoreDataProperties.m */; };
		FBDAADE91CB3FF7200DEBDBC /* Record.m in Sources */ = {isa = PBXBuildFile; fileRef = FBDAADCF1CB3FF7200DEBDBC /* Record.m */; };
		FBDAADEA1CB3FF7200DEBDBC /* Category+CoreDataProperties.m in Sources */ = {isa = PBXBuildFile; fileRef = FBDAADD11CB3FF7200DEBDBC /* Category+CoreDataProperties.m */; };
		FBDAADEB1CB3FF7200DEBDBC /* Category.m in Sources */ = {isa = PBXBuildFile; fileRef = FBDAADD31CB3FF7200DEBDBC /* Category.m */; };
		FBDAADEC1CB3FF7200DEBDBC /* Transaction+CoreDataProperties.m in Sources */ = {isa = PBXBuildFile; fileRef = FBDAADD51CB3FF7200DEBDBC /* Transaction+CoreDataProperties.m */; };
		FBDAADED1CB3FF7200DEBDBC /* Transaction.m in Sources */ = {isa = PBXBuildFile; fileRef = FBDAADD71CB3FF7200DEBDBC /* Transaction.m */; };
		FBDAADEE1CB3FF7200DEBDBC /* Account+CoreDataProperties.m in Sources */ = {isa = PBXBuildFile; fileRef = FBDAADD91CB3FF7200DEBDBC /* Account+CoreDataProperties.m */; };
		FBDAADEF1CB3FF7200DEBDBC /* Account.m in Sources */ = {isa = PBXBuildFile; fileRef = FBDAADDB1CB3FF7200DEBDBC /* Account.m */; };
		FBDAADF01CB3FF7200DEBDBC /* Wishitem+CoreDataProperties.m in Sources */ = {isa = PBXBuildFile; fileRef = FBDAADDD1CB3FF7200DEBDBC /* Wishitem+CoreDataProperties.m */; };
		FBDAADF11CB3FF7200DEBDBC /* Wishitem.m in Sources */ = {isa = PBXBuildFile; fileRef = FBDAADDF1CB3FF7200DEBDBC /* Wishitem.m */; };
		FBDAADF21CB3FF7200DEBDBC /* Budget+CoreDataProperties.m in Sources */ = {isa = PBXBuildFile; fileRef = FBDAADE11CB3FF7200DEBDBC /* Budget+CoreDataProperties.m */; };
		FBDAADF31CB3FF7200DEBDBC /* Budget.m in Sources */ = {isa = PBXBuildFile; fileRef = FBDAADE31CB3FF7200DEBDBC /* Budget.m */; };
		FBDAADF41CB3FF7200DEBDBC /* Target+CoreDataProperties.m in Sources */ = {isa = PBXBuildFile; fileRef = FBDAADE51CB3FF7200DEBDBC /* Target+CoreDataProperties.m */; };
		FBDAADF51CB3FF7200DEBDBC /* Target.m in Sources */ = {isa = PBXBuildFile; fileRef = FBDAADE71CB3FF7200DEBDBC /* Target.m */; };
/* End PBXBuildFile section */

/* Begin PBXContainerItemProxy section */
		FBD833811CAC15980020AF3E /* PBXContainerItemProxy */ = {
			isa = PBXContainerItemProxy;
			containerPortal = FBD8335C1CAC15980020AF3E /* Project object */;
			proxyType = 1;
			remoteGlobalIDString = FBD833631CAC15980020AF3E;
			remoteInfo = BudgetBunny;
		};
		FBD8338C1CAC15980020AF3E /* PBXContainerItemProxy */ = {
			isa = PBXContainerItemProxy;
			containerPortal = FBD8335C1CAC15980020AF3E /* Project object */;
			proxyType = 1;
			remoteGlobalIDString = FBD833631CAC15980020AF3E;
			remoteInfo = BudgetBunny;
		};
/* End PBXContainerItemProxy section */

/* Begin PBXFileReference section */
		FBD833641CAC15980020AF3E /* BudgetBunny.app */ = {isa = PBXFileReference; explicitFileType = wrapper.application; includeInIndex = 0; path = BudgetBunny.app; sourceTree = BUILT_PRODUCTS_DIR; };
		FBD833681CAC15980020AF3E /* main.m */ = {isa = PBXFileReference; lastKnownFileType = sourcecode.c.objc; path = main.m; sourceTree = "<group>"; };
		FBD8336A1CAC15980020AF3E /* AppDelegate.h */ = {isa = PBXFileReference; lastKnownFileType = sourcecode.c.h; path = AppDelegate.h; sourceTree = "<group>"; };
		FBD8336B1CAC15980020AF3E /* AppDelegate.m */ = {isa = PBXFileReference; lastKnownFileType = sourcecode.c.objc; path = AppDelegate.m; sourceTree = "<group>"; };
		FBD8336D1CAC15980020AF3E /* ViewController.h */ = {isa = PBXFileReference; lastKnownFileType = sourcecode.c.h; path = ViewController.h; sourceTree = "<group>"; };
		FBD8336E1CAC15980020AF3E /* ViewController.m */ = {isa = PBXFileReference; lastKnownFileType = sourcecode.c.objc; path = ViewController.m; sourceTree = "<group>"; };
		FBD833711CAC15980020AF3E /* Base */ = {isa = PBXFileReference; lastKnownFileType = file.storyboard; name = Base; path = Base.lproj/Main.storyboard; sourceTree = "<group>"; };
		FBD833741CAC15980020AF3E /* BudgetBunny.xcdatamodel */ = {isa = PBXFileReference; lastKnownFileType = wrapper.xcdatamodel; path = BudgetBunny.xcdatamodel; sourceTree = "<group>"; };
		FBD833761CAC15980020AF3E /* Assets.xcassets */ = {isa = PBXFileReference; lastKnownFileType = folder.assetcatalog; path = Assets.xcassets; sourceTree = "<group>"; };
		FBD833791CAC15980020AF3E /* Base */ = {isa = PBXFileReference; lastKnownFileType = file.storyboard; name = Base; path = Base.lproj/LaunchScreen.storyboard; sourceTree = "<group>"; };
		FBD8337B1CAC15980020AF3E /* Info.plist */ = {isa = PBXFileReference; lastKnownFileType = text.plist.xml; path = Info.plist; sourceTree = "<group>"; };
		FBD833801CAC15980020AF3E /* BudgetBunnyTests.xctest */ = {isa = PBXFileReference; explicitFileType = wrapper.cfbundle; includeInIndex = 0; path = BudgetBunnyTests.xctest; sourceTree = BUILT_PRODUCTS_DIR; };
		FBD833841CAC15980020AF3E /* BudgetBunnyTests.m */ = {isa = PBXFileReference; lastKnownFileType = sourcecode.c.objc; path = BudgetBunnyTests.m; sourceTree = "<group>"; };
		FBD833861CAC15980020AF3E /* Info.plist */ = {isa = PBXFileReference; lastKnownFileType = text.plist.xml; path = Info.plist; sourceTree = "<group>"; };
		FBD8338B1CAC15980020AF3E /* BudgetBunnyUITests.xctest */ = {isa = PBXFileReference; explicitFileType = wrapper.cfbundle; includeInIndex = 0; path = BudgetBunnyUITests.xctest; sourceTree = BUILT_PRODUCTS_DIR; };
		FBD8338F1CAC15980020AF3E /* BudgetBunnyUITests.m */ = {isa = PBXFileReference; lastKnownFileType = sourcecode.c.objc; path = BudgetBunnyUITests.m; sourceTree = "<group>"; };
		FBD833911CAC15980020AF3E /* Info.plist */ = {isa = PBXFileReference; lastKnownFileType = text.plist.xml; path = Info.plist; sourceTree = "<group>"; };
		FBDAADCC1CB3FF7200DEBDBC /* Record+CoreDataProperties.h */ = {isa = PBXFileReference; fileEncoding = 4; lastKnownFileType = sourcecode.c.h; path = "Record+CoreDataProperties.h"; sourceTree = "<group>"; };
		FBDAADCD1CB3FF7200DEBDBC /* Record+CoreDataProperties.m */ = {isa = PBXFileReference; fileEncoding = 4; lastKnownFileType = sourcecode.c.objc; path = "Record+CoreDataProperties.m"; sourceTree = "<group>"; };
		FBDAADCE1CB3FF7200DEBDBC /* Record.h */ = {isa = PBXFileReference; fileEncoding = 4; lastKnownFileType = sourcecode.c.h; path = Record.h; sourceTree = "<group>"; };
		FBDAADCF1CB3FF7200DEBDBC /* Record.m */ = {isa = PBXFileReference; fileEncoding = 4; lastKnownFileType = sourcecode.c.objc; path = Record.m; sourceTree = "<group>"; };
		FBDAADD01CB3FF7200DEBDBC /* Category+CoreDataProperties.h */ = {isa = PBXFileReference; fileEncoding = 4; lastKnownFileType = sourcecode.c.h; path = "Category+CoreDataProperties.h"; sourceTree = "<group>"; };
		FBDAADD11CB3FF7200DEBDBC /* Category+CoreDataProperties.m */ = {isa = PBXFileReference; fileEncoding = 4; lastKnownFileType = sourcecode.c.objc; path = "Category+CoreDataProperties.m"; sourceTree = "<group>"; };
		FBDAADD21CB3FF7200DEBDBC /* Category.h */ = {isa = PBXFileReference; fileEncoding = 4; lastKnownFileType = sourcecode.c.h; path = Category.h; sourceTree = "<group>"; };
		FBDAADD31CB3FF7200DEBDBC /* Category.m */ = {isa = PBXFileReference; fileEncoding = 4; lastKnownFileType = sourcecode.c.objc; path = Category.m; sourceTree = "<group>"; };
		FBDAADD41CB3FF7200DEBDBC /* Transaction+CoreDataProperties.h */ = {isa = PBXFileReference; fileEncoding = 4; lastKnownFileType = sourcecode.c.h; path = "Transaction+CoreDataProperties.h"; sourceTree = "<group>"; };
		FBDAADD51CB3FF7200DEBDBC /* Transaction+CoreDataProperties.m */ = {isa = PBXFileReference; fileEncoding = 4; lastKnownFileType = sourcecode.c.objc; path = "Transaction+CoreDataProperties.m"; sourceTree = "<group>"; };
		FBDAADD61CB3FF7200DEBDBC /* Transaction.h */ = {isa = PBXFileReference; fileEncoding = 4; lastKnownFileType = sourcecode.c.h; path = Transaction.h; sourceTree = "<group>"; };
		FBDAADD71CB3FF7200DEBDBC /* Transaction.m */ = {isa = PBXFileReference; fileEncoding = 4; lastKnownFileType = sourcecode.c.objc; path = Transaction.m; sourceTree = "<group>"; };
		FBDAADD81CB3FF7200DEBDBC /* Account+CoreDataProperties.h */ = {isa = PBXFileReference; fileEncoding = 4; lastKnownFileType = sourcecode.c.h; path = "Account+CoreDataProperties.h"; sourceTree = "<group>"; };
		FBDAADD91CB3FF7200DEBDBC /* Account+CoreDataProperties.m */ = {isa = PBXFileReference; fileEncoding = 4; lastKnownFileType = sourcecode.c.objc; path = "Account+CoreDataProperties.m"; sourceTree = "<group>"; };
		FBDAADDA1CB3FF7200DEBDBC /* Account.h */ = {isa = PBXFileReference; fileEncoding = 4; lastKnownFileType = sourcecode.c.h; path = Account.h; sourceTree = "<group>"; };
		FBDAADDB1CB3FF7200DEBDBC /* Account.m */ = {isa = PBXFileReference; fileEncoding = 4; lastKnownFileType = sourcecode.c.objc; path = Account.m; sourceTree = "<group>"; };
		FBDAADDC1CB3FF7200DEBDBC /* Wishitem+CoreDataProperties.h */ = {isa = PBXFileReference; fileEncoding = 4; lastKnownFileType = sourcecode.c.h; path = "Wishitem+CoreDataProperties.h"; sourceTree = "<group>"; };
		FBDAADDD1CB3FF7200DEBDBC /* Wishitem+CoreDataProperties.m */ = {isa = PBXFileReference; fileEncoding = 4; lastKnownFileType = sourcecode.c.objc; path = "Wishitem+CoreDataProperties.m"; sourceTree = "<group>"; };
		FBDAADDE1CB3FF7200DEBDBC /* Wishitem.h */ = {isa = PBXFileReference; fileEncoding = 4; lastKnownFileType = sourcecode.c.h; path = Wishitem.h; sourceTree = "<group>"; };
		FBDAADDF1CB3FF7200DEBDBC /* Wishitem.m */ = {isa = PBXFileReference; fileEncoding = 4; lastKnownFileType = sourcecode.c.objc; path = Wishitem.m; sourceTree = "<group>"; };
		FBDAADE01CB3FF7200DEBDBC /* Budget+CoreDataProperties.h */ = {isa = PBXFileReference; fileEncoding = 4; lastKnownFileType = sourcecode.c.h; path = "Budget+CoreDataProperties.h"; sourceTree = "<group>"; };
		FBDAADE11CB3FF7200DEBDBC /* Budget+CoreDataProperties.m */ = {isa = PBXFileReference; fileEncoding = 4; lastKnownFileType = sourcecode.c.objc; path = "Budget+CoreDataProperties.m"; sourceTree = "<group>"; };
		FBDAADE21CB3FF7200DEBDBC /* Budget.h */ = {isa = PBXFileReference; fileEncoding = 4; lastKnownFileType = sourcecode.c.h; path = Budget.h; sourceTree = "<group>"; };
		FBDAADE31CB3FF7200DEBDBC /* Budget.m */ = {isa = PBXFileReference; fileEncoding = 4; lastKnownFileType = sourcecode.c.objc; path = Budget.m; sourceTree = "<group>"; };
		FBDAADE41CB3FF7200DEBDBC /* Target+CoreDataProperties.h */ = {isa = PBXFileReference; fileEncoding = 4; lastKnownFileType = sourcecode.c.h; path = "Target+CoreDataProperties.h"; sourceTree = "<group>"; };
		FBDAADE51CB3FF7200DEBDBC /* Target+CoreDataProperties.m */ = {isa = PBXFileReference; fileEncoding = 4; lastKnownFileType = sourcecode.c.objc; path = "Target+CoreDataProperties.m"; sourceTree = "<group>"; };
		FBDAADE61CB3FF7200DEBDBC /* Target.h */ = {isa = PBXFileReference; fileEncoding = 4; lastKnownFileType = sourcecode.c.h; path = Target.h; sourceTree = "<group>"; };
		FBDAADE71CB3FF7200DEBDBC /* Target.m */ = {isa = PBXFileReference; fileEncoding = 4; lastKnownFileType = sourcecode.c.objc; path = Target.m; sourceTree = "<group>"; };
/* End PBXFileReference section */

/* Begin PBXFrameworksBuildPhase section */
		FBD833611CAC15980020AF3E /* Frameworks */ = {
			isa = PBXFrameworksBuildPhase;
			buildActionMask = 2147483647;
			files = (
			);
			runOnlyForDeploymentPostprocessing = 0;
		};
		FBD8337D1CAC15980020AF3E /* Frameworks */ = {
			isa = PBXFrameworksBuildPhase;
			buildActionMask = 2147483647;
			files = (
			);
			runOnlyForDeploymentPostprocessing = 0;
		};
		FBD833881CAC15980020AF3E /* Frameworks */ = {
			isa = PBXFrameworksBuildPhase;
			buildActionMask = 2147483647;
			files = (
			);
			runOnlyForDeploymentPostprocessing = 0;
		};
/* End PBXFrameworksBuildPhase section */

/* Begin PBXGroup section */
		FB0415D91CAE4BDF006BD3FD /* Classes */ = {
			isa = PBXGroup;
			children = (
				FB0415DD1CAE4C0E006BD3FD /* Controllers */,
				FB0415E21CAE4C8A006BD3FD /* Helpers */,
				FB0415DA1CAE4BE9006BD3FD /* Models */,
				FB0415E31CAE4C91006BD3FD /* Views */,
			);
			path = Classes;
			sourceTree = "<group>";
		};
		FB0415DA1CAE4BE9006BD3FD /* Models */ = {
			isa = PBXGroup;
			children = (
				FB0415DB1CAE4BF0006BD3FD /* CellItems */,
				FB0415DC1CAE4BF7006BD3FD /* ManagedObjects */,
				FBD833731CAC15980020AF3E /* BudgetBunny.xcdatamodeld */,
			);
			path = Models;
			sourceTree = "<group>";
		};
		FB0415DB1CAE4BF0006BD3FD /* CellItems */ = {
			isa = PBXGroup;
			children = (
			);
			path = CellItems;
			sourceTree = "<group>";
		};
		FB0415DC1CAE4BF7006BD3FD /* ManagedObjects */ = {
			isa = PBXGroup;
			children = (
				FBDAADCC1CB3FF7200DEBDBC /* Record+CoreDataProperties.h */,
				FBDAADCD1CB3FF7200DEBDBC /* Record+CoreDataProperties.m */,
				FBDAADCE1CB3FF7200DEBDBC /* Record.h */,
				FBDAADCF1CB3FF7200DEBDBC /* Record.m */,
				FBDAADD01CB3FF7200DEBDBC /* Category+CoreDataProperties.h */,
				FBDAADD11CB3FF7200DEBDBC /* Category+CoreDataProperties.m */,
				FBDAADD21CB3FF7200DEBDBC /* Category.h */,
				FBDAADD31CB3FF7200DEBDBC /* Category.m */,
				FBDAADD41CB3FF7200DEBDBC /* Transaction+CoreDataProperties.h */,
				FBDAADD51CB3FF7200DEBDBC /* Transaction+CoreDataProperties.m */,
				FBDAADD61CB3FF7200DEBDBC /* Transaction.h */,
				FBDAADD71CB3FF7200DEBDBC /* Transaction.m */,
				FBDAADD81CB3FF7200DEBDBC /* Account+CoreDataProperties.h */,
				FBDAADD91CB3FF7200DEBDBC /* Account+CoreDataProperties.m */,
				FBDAADDA1CB3FF7200DEBDBC /* Account.h */,
				FBDAADDB1CB3FF7200DEBDBC /* Account.m */,
				FBDAADDC1CB3FF7200DEBDBC /* Wishitem+CoreDataProperties.h */,
				FBDAADDD1CB3FF7200DEBDBC /* Wishitem+CoreDataProperties.m */,
				FBDAADDE1CB3FF7200DEBDBC /* Wishitem.h */,
				FBDAADDF1CB3FF7200DEBDBC /* Wishitem.m */,
				FBDAADE01CB3FF7200DEBDBC /* Budget+CoreDataProperties.h */,
				FBDAADE11CB3FF7200DEBDBC /* Budget+CoreDataProperties.m */,
				FBDAADE21CB3FF7200DEBDBC /* Budget.h */,
				FBDAADE31CB3FF7200DEBDBC /* Budget.m */,
				FBDAADE41CB3FF7200DEBDBC /* Target+CoreDataProperties.h */,
				FBDAADE51CB3FF7200DEBDBC /* Target+CoreDataProperties.m */,
				FBDAADE61CB3FF7200DEBDBC /* Target.h */,
				FBDAADE71CB3FF7200DEBDBC /* Target.m */,
			);
			path = ManagedObjects;
			sourceTree = "<group>";
		};
		FB0415DD1CAE4C0E006BD3FD /* Controllers */ = {
			isa = PBXGroup;
			children = (
				FB0415DE1CAE4C44006BD3FD /* AccountScreens */,
				FB0415F01CAE4F1F006BD3FD /* AppLauncher */,
				FB0415DF1CAE4C4C006BD3FD /* BudgetScreens */,
				FB0415E11CAE4C68006BD3FD /* DashboardScreens */,
				FB0415E01CAE4C5B006BD3FD /* ReportScreens */,
			);
			path = Controllers;
			sourceTree = "<group>";
		};
		FB0415DE1CAE4C44006BD3FD /* AccountScreens */ = {
			isa = PBXGroup;
			children = (
				FBD8336D1CAC15980020AF3E /* ViewController.h */,
				FBD8336E1CAC15980020AF3E /* ViewController.m */,
			);
			path = AccountScreens;
			sourceTree = "<group>";
		};
		FB0415DF1CAE4C4C006BD3FD /* BudgetScreens */ = {
			isa = PBXGroup;
			children = (
			);
			path = BudgetScreens;
			sourceTree = "<group>";
		};
		FB0415E01CAE4C5B006BD3FD /* ReportScreens */ = {
			isa = PBXGroup;
			children = (
			);
			path = ReportScreens;
			sourceTree = "<group>";
		};
		FB0415E11CAE4C68006BD3FD /* DashboardScreens */ = {
			isa = PBXGroup;
			children = (
			);
			path = DashboardScreens;
			sourceTree = "<group>";
		};
		FB0415E21CAE4C8A006BD3FD /* Helpers */ = {
			isa = PBXGroup;
			children = (
			);
			path = Helpers;
			sourceTree = "<group>";
		};
		FB0415E31CAE4C91006BD3FD /* Views */ = {
			isa = PBXGroup;
			children = (
				FB0415E41CAE4C97006BD3FD /* TableViewCells */,
			);
			path = Views;
			sourceTree = "<group>";
		};
		FB0415E41CAE4C97006BD3FD /* TableViewCells */ = {
			isa = PBXGroup;
			children = (
			);
			path = TableViewCells;
			sourceTree = "<group>";
		};
		FB0415E71CAE4CB7006BD3FD /* Classes */ = {
			isa = PBXGroup;
			children = (
			);
			path = Classes;
			sourceTree = "<group>";
		};
		FB0415E91CAE4CBE006BD3FD /* Tests */ = {
			isa = PBXGroup;
			children = (
			);
			path = Tests;
			sourceTree = "<group>";
		};
		FB0415EA1CAE4CC1006BD3FD /* Classes */ = {
			isa = PBXGroup;
			children = (
			);
			path = Classes;
			sourceTree = "<group>";
		};
		FB0415EB1CAE4CC7006BD3FD /* Tests */ = {
			isa = PBXGroup;
			children = (
			);
			path = Tests;
			sourceTree = "<group>";
		};
		FB0415EC1CAE4E8C006BD3FD /* Resources */ = {
			isa = PBXGroup;
			children = (
				FB0415ED1CAE4EB5006BD3FD /* Locales */,
				FB0415EE1CAE4EB9006BD3FD /* PropertyLists */,
				FB0415EF1CAE4EC4006BD3FD /* Storyboards */,
				FBD833761CAC15980020AF3E /* Assets.xcassets */,
			);
			path = Resources;
			sourceTree = "<group>";
		};
		FB0415ED1CAE4EB5006BD3FD /* Locales */ = {
			isa = PBXGroup;
			children = (
			);
			path = Locales;
			sourceTree = "<group>";
		};
		FB0415EE1CAE4EB9006BD3FD /* PropertyLists */ = {
			isa = PBXGroup;
			children = (
				FBD8337B1CAC15980020AF3E /* Info.plist */,
			);
			path = PropertyLists;
			sourceTree = "<group>";
		};
		FB0415EF1CAE4EC4006BD3FD /* Storyboards */ = {
			isa = PBXGroup;
			children = (
				FBD833781CAC15980020AF3E /* LaunchScreen.storyboard */,
				FBD833701CAC15980020AF3E /* Main.storyboard */,
			);
			path = Storyboards;
			sourceTree = "<group>";
		};
		FB0415F01CAE4F1F006BD3FD /* AppLauncher */ = {
			isa = PBXGroup;
			children = (
				FBD8336A1CAC15980020AF3E /* AppDelegate.h */,
				FBD8336B1CAC15980020AF3E /* AppDelegate.m */,
				FBD833681CAC15980020AF3E /* main.m */,
			);
			path = AppLauncher;
			sourceTree = "<group>";
		};
		FBD8335B1CAC15980020AF3E = {
			isa = PBXGroup;
			children = (
				FBD833661CAC15980020AF3E /* BudgetBunny */,
				FBD833831CAC15980020AF3E /* BudgetBunnyTests */,
				FBD8338E1CAC15980020AF3E /* BudgetBunnyUITests */,
				FBD833651CAC15980020AF3E /* Products */,
			);
			sourceTree = "<group>";
		};
		FBD833651CAC15980020AF3E /* Products */ = {
			isa = PBXGroup;
			children = (
				FBD833641CAC15980020AF3E /* BudgetBunny.app */,
				FBD833801CAC15980020AF3E /* BudgetBunnyTests.xctest */,
				FBD8338B1CAC15980020AF3E /* BudgetBunnyUITests.xctest */,
			);
			name = Products;
			sourceTree = "<group>";
		};
		FBD833661CAC15980020AF3E /* BudgetBunny */ = {
			isa = PBXGroup;
			children = (
				FB0415D91CAE4BDF006BD3FD /* Classes */,
				FB0415EC1CAE4E8C006BD3FD /* Resources */,
			);
			path = BudgetBunny;
			sourceTree = "<group>";
		};
		FBD833831CAC15980020AF3E /* BudgetBunnyTests */ = {
			isa = PBXGroup;
			children = (
				FB0415E71CAE4CB7006BD3FD /* Classes */,
				FB0415E91CAE4CBE006BD3FD /* Tests */,
				FBD833841CAC15980020AF3E /* BudgetBunnyTests.m */,
				FBD833861CAC15980020AF3E /* Info.plist */,
			);
			path = BudgetBunnyTests;
			sourceTree = "<group>";
		};
		FBD8338E1CAC15980020AF3E /* BudgetBunnyUITests */ = {
			isa = PBXGroup;
			children = (
				FB0415EA1CAE4CC1006BD3FD /* Classes */,
				FB0415EB1CAE4CC7006BD3FD /* Tests */,
				FBD8338F1CAC15980020AF3E /* BudgetBunnyUITests.m */,
				FBD833911CAC15980020AF3E /* Info.plist */,
			);
			path = BudgetBunnyUITests;
			sourceTree = "<group>";
		};
/* End PBXGroup section */

/* Begin PBXNativeTarget section */
		FBD833631CAC15980020AF3E /* BudgetBunny */ = {
			isa = PBXNativeTarget;
			buildConfigurationList = FBD833941CAC15980020AF3E /* Build configuration list for PBXNativeTarget "BudgetBunny" */;
			buildPhases = (
				FBD833601CAC15980020AF3E /* Sources */,
				FBD833611CAC15980020AF3E /* Frameworks */,
				FBD833621CAC15980020AF3E /* Resources */,
			);
			buildRules = (
			);
			dependencies = (
			);
			name = BudgetBunny;
			productName = BudgetBunny;
			productReference = FBD833641CAC15980020AF3E /* BudgetBunny.app */;
			productType = "com.apple.product-type.application";
		};
		FBD8337F1CAC15980020AF3E /* BudgetBunnyTests */ = {
			isa = PBXNativeTarget;
			buildConfigurationList = FBD833971CAC15980020AF3E /* Build configuration list for PBXNativeTarget "BudgetBunnyTests" */;
			buildPhases = (
				FBD8337C1CAC15980020AF3E /* Sources */,
				FBD8337D1CAC15980020AF3E /* Frameworks */,
				FBD8337E1CAC15980020AF3E /* Resources */,
			);
			buildRules = (
			);
			dependencies = (
				FBD833821CAC15980020AF3E /* PBXTargetDependency */,
			);
			name = BudgetBunnyTests;
			productName = BudgetBunnyTests;
			productReference = FBD833801CAC15980020AF3E /* BudgetBunnyTests.xctest */;
			productType = "com.apple.product-type.bundle.unit-test";
		};
		FBD8338A1CAC15980020AF3E /* BudgetBunnyUITests */ = {
			isa = PBXNativeTarget;
			buildConfigurationList = FBD8339A1CAC15980020AF3E /* Build configuration list for PBXNativeTarget "BudgetBunnyUITests" */;
			buildPhases = (
				FBD833871CAC15980020AF3E /* Sources */,
				FBD833881CAC15980020AF3E /* Frameworks */,
				FBD833891CAC15980020AF3E /* Resources */,
			);
			buildRules = (
			);
			dependencies = (
				FBD8338D1CAC15980020AF3E /* PBXTargetDependency */,
			);
			name = BudgetBunnyUITests;
			productName = BudgetBunnyUITests;
			productReference = FBD8338B1CAC15980020AF3E /* BudgetBunnyUITests.xctest */;
			productType = "com.apple.product-type.bundle.ui-testing";
		};
/* End PBXNativeTarget section */

/* Begin PBXProject section */
		FBD8335C1CAC15980020AF3E /* Project object */ = {
			isa = PBXProject;
			attributes = {
				LastUpgradeCheck = 0730;
				ORGANIZATIONNAME = "Kiefer Yap";
				TargetAttributes = {
					FBD833631CAC15980020AF3E = {
						CreatedOnToolsVersion = 7.3;
						DevelopmentTeam = 5XKM8VQ32H;
					};
					FBD8337F1CAC15980020AF3E = {
						CreatedOnToolsVersion = 7.3;
						TestTargetID = FBD833631CAC15980020AF3E;
					};
					FBD8338A1CAC15980020AF3E = {
						CreatedOnToolsVersion = 7.3;
						TestTargetID = FBD833631CAC15980020AF3E;
					};
				};
			};
			buildConfigurationList = FBD8335F1CAC15980020AF3E /* Build configuration list for PBXProject "BudgetBunny" */;
			compatibilityVersion = "Xcode 3.2";
			developmentRegion = English;
			hasScannedForEncodings = 0;
			knownRegions = (
				en,
				Base,
			);
			mainGroup = FBD8335B1CAC15980020AF3E;
			productRefGroup = FBD833651CAC15980020AF3E /* Products */;
			projectDirPath = "";
			projectRoot = "";
			targets = (
				FBD833631CAC15980020AF3E /* BudgetBunny */,
				FBD8337F1CAC15980020AF3E /* BudgetBunnyTests */,
				FBD8338A1CAC15980020AF3E /* BudgetBunnyUITests */,
			);
		};
/* End PBXProject section */

/* Begin PBXResourcesBuildPhase section */
		FBD833621CAC15980020AF3E /* Resources */ = {
			isa = PBXResourcesBuildPhase;
			buildActionMask = 2147483647;
			files = (
				FBD8337A1CAC15980020AF3E /* LaunchScreen.storyboard in Resources */,
				FBD833771CAC15980020AF3E /* Assets.xcassets in Resources */,
				FBD833721CAC15980020AF3E /* Main.storyboard in Resources */,
			);
			runOnlyForDeploymentPostprocessing = 0;
		};
		FBD8337E1CAC15980020AF3E /* Resources */ = {
			isa = PBXResourcesBuildPhase;
			buildActionMask = 2147483647;
			files = (
			);
			runOnlyForDeploymentPostprocessing = 0;
		};
		FBD833891CAC15980020AF3E /* Resources */ = {
			isa = PBXResourcesBuildPhase;
			buildActionMask = 2147483647;
			files = (
			);
			runOnlyForDeploymentPostprocessing = 0;
		};
/* End PBXResourcesBuildPhase section */

/* Begin PBXSourcesBuildPhase section */
		FBD833601CAC15980020AF3E /* Sources */ = {
			isa = PBXSourcesBuildPhase;
			buildActionMask = 2147483647;
			files = (
				FBDAADF21CB3FF7200DEBDBC /* Budget+CoreDataProperties.m in Sources */,
				FBD8336F1CAC15980020AF3E /* ViewController.m in Sources */,
				FBD8336C1CAC15980020AF3E /* AppDelegate.m in Sources */,
				FBDAADEA1CB3FF7200DEBDBC /* Category+CoreDataProperties.m in Sources */,
				FBDAADF01CB3FF7200DEBDBC /* Wishitem+CoreDataProperties.m in Sources */,
				FBDAADEB1CB3FF7200DEBDBC /* Category.m in Sources */,
				FBD833691CAC15980020AF3E /* main.m in Sources */,
				FBD833751CAC15980020AF3E /* BudgetBunny.xcdatamodeld in Sources */,
				FBDAADE91CB3FF7200DEBDBC /* Record.m in Sources */,
				FBDAADEC1CB3FF7200DEBDBC /* Transaction+CoreDataProperties.m in Sources */,
				FBDAADED1CB3FF7200DEBDBC /* Transaction.m in Sources */,
				FBDAADEF1CB3FF7200DEBDBC /* Account.m in Sources */,
				FBDAADEE1CB3FF7200DEBDBC /* Account+CoreDataProperties.m in Sources */,
				FBDAADE81CB3FF7200DEBDBC /* Record+CoreDataProperties.m in Sources */,
				FBDAADF51CB3FF7200DEBDBC /* Target.m in Sources */,
				FBDAADF41CB3FF7200DEBDBC /* Target+CoreDataProperties.m in Sources */,
				FBDAADF31CB3FF7200DEBDBC /* Budget.m in Sources */,
				FBDAADF11CB3FF7200DEBDBC /* Wishitem.m in Sources */,
			);
			runOnlyForDeploymentPostprocessing = 0;
		};
		FBD8337C1CAC15980020AF3E /* Sources */ = {
			isa = PBXSourcesBuildPhase;
			buildActionMask = 2147483647;
			files = (
				FBD833851CAC15980020AF3E /* BudgetBunnyTests.m in Sources */,
			);
			runOnlyForDeploymentPostprocessing = 0;
		};
		FBD833871CAC15980020AF3E /* Sources */ = {
			isa = PBXSourcesBuildPhase;
			buildActionMask = 2147483647;
			files = (
				FBD833901CAC15980020AF3E /* BudgetBunnyUITests.m in Sources */,
			);
			runOnlyForDeploymentPostprocessing = 0;
		};
/* End PBXSourcesBuildPhase section */

/* Begin PBXTargetDependency section */
		FBD833821CAC15980020AF3E /* PBXTargetDependency */ = {
			isa = PBXTargetDependency;
			target = FBD833631CAC15980020AF3E /* BudgetBunny */;
			targetProxy = FBD833811CAC15980020AF3E /* PBXContainerItemProxy */;
		};
		FBD8338D1CAC15980020AF3E /* PBXTargetDependency */ = {
			isa = PBXTargetDependency;
			target = FBD833631CAC15980020AF3E /* BudgetBunny */;
			targetProxy = FBD8338C1CAC15980020AF3E /* PBXContainerItemProxy */;
		};
/* End PBXTargetDependency section */

/* Begin PBXVariantGroup section */
		FBD833701CAC15980020AF3E /* Main.storyboard */ = {
			isa = PBXVariantGroup;
			children = (
				FBD833711CAC15980020AF3E /* Base */,
			);
			name = Main.storyboard;
			path = .;
			sourceTree = "<group>";
		};
		FBD833781CAC15980020AF3E /* LaunchScreen.storyboard */ = {
			isa = PBXVariantGroup;
			children = (
				FBD833791CAC15980020AF3E /* Base */,
			);
			name = LaunchScreen.storyboard;
			path = .;
			sourceTree = "<group>";
		};
/* End PBXVariantGroup section */

/* Begin XCBuildConfiguration section */
		FBD833921CAC15980020AF3E /* Debug */ = {
			isa = XCBuildConfiguration;
			buildSettings = {
				ALWAYS_SEARCH_USER_PATHS = NO;
				CLANG_ANALYZER_NONNULL = YES;
				CLANG_CXX_LANGUAGE_STANDARD = "gnu++0x";
				CLANG_CXX_LIBRARY = "libc++";
				CLANG_ENABLE_MODULES = YES;
				CLANG_ENABLE_OBJC_ARC = YES;
				CLANG_WARN_BOOL_CONVERSION = YES;
				CLANG_WARN_CONSTANT_CONVERSION = YES;
				CLANG_WARN_DIRECT_OBJC_ISA_USAGE = YES_ERROR;
				CLANG_WARN_EMPTY_BODY = YES;
				CLANG_WARN_ENUM_CONVERSION = YES;
				CLANG_WARN_INT_CONVERSION = YES;
				CLANG_WARN_OBJC_ROOT_CLASS = YES_ERROR;
				CLANG_WARN_UNREACHABLE_CODE = YES;
				CLANG_WARN__DUPLICATE_METHOD_MATCH = YES;
				"CODE_SIGN_IDENTITY[sdk=iphoneos*]" = "iPhone Developer";
				COPY_PHASE_STRIP = NO;
				DEBUG_INFORMATION_FORMAT = dwarf;
				ENABLE_STRICT_OBJC_MSGSEND = YES;
				ENABLE_TESTABILITY = YES;
				GCC_C_LANGUAGE_STANDARD = gnu99;
				GCC_DYNAMIC_NO_PIC = NO;
				GCC_NO_COMMON_BLOCKS = YES;
				GCC_OPTIMIZATION_LEVEL = 0;
				GCC_PREPROCESSOR_DEFINITIONS = (
					"DEBUG=1",
					"$(inherited)",
				);
				GCC_WARN_64_TO_32_BIT_CONVERSION = YES;
				GCC_WARN_ABOUT_RETURN_TYPE = YES_ERROR;
				GCC_WARN_UNDECLARED_SELECTOR = YES;
				GCC_WARN_UNINITIALIZED_AUTOS = YES_AGGRESSIVE;
				GCC_WARN_UNUSED_FUNCTION = YES;
				GCC_WARN_UNUSED_VARIABLE = YES;
				IPHONEOS_DEPLOYMENT_TARGET = 8.0;
				MTL_ENABLE_DEBUG_INFO = YES;
				ONLY_ACTIVE_ARCH = YES;
				SDKROOT = iphoneos;
				TARGETED_DEVICE_FAMILY = "1,2";
			};
			name = Debug;
		};
		FBD833931CAC15980020AF3E /* Release */ = {
			isa = XCBuildConfiguration;
			buildSettings = {
				ALWAYS_SEARCH_USER_PATHS = NO;
				CLANG_ANALYZER_NONNULL = YES;
				CLANG_CXX_LANGUAGE_STANDARD = "gnu++0x";
				CLANG_CXX_LIBRARY = "libc++";
				CLANG_ENABLE_MODULES = YES;
				CLANG_ENABLE_OBJC_ARC = YES;
				CLANG_WARN_BOOL_CONVERSION = YES;
				CLANG_WARN_CONSTANT_CONVERSION = YES;
				CLANG_WARN_DIRECT_OBJC_ISA_USAGE = YES_ERROR;
				CLANG_WARN_EMPTY_BODY = YES;
				CLANG_WARN_ENUM_CONVERSION = YES;
				CLANG_WARN_INT_CONVERSION = YES;
				CLANG_WARN_OBJC_ROOT_CLASS = YES_ERROR;
				CLANG_WARN_UNREACHABLE_CODE = YES;
				CLANG_WARN__DUPLICATE_METHOD_MATCH = YES;
				"CODE_SIGN_IDENTITY[sdk=iphoneos*]" = "iPhone Developer";
				COPY_PHASE_STRIP = NO;
				DEBUG_INFORMATION_FORMAT = "dwarf-with-dsym";
				ENABLE_NS_ASSERTIONS = NO;
				ENABLE_STRICT_OBJC_MSGSEND = YES;
				GCC_C_LANGUAGE_STANDARD = gnu99;
				GCC_NO_COMMON_BLOCKS = YES;
				GCC_WARN_64_TO_32_BIT_CONVERSION = YES;
				GCC_WARN_ABOUT_RETURN_TYPE = YES_ERROR;
				GCC_WARN_UNDECLARED_SELECTOR = YES;
				GCC_WARN_UNINITIALIZED_AUTOS = YES_AGGRESSIVE;
				GCC_WARN_UNUSED_FUNCTION = YES;
				GCC_WARN_UNUSED_VARIABLE = YES;
				IPHONEOS_DEPLOYMENT_TARGET = 8.0;
				MTL_ENABLE_DEBUG_INFO = NO;
				SDKROOT = iphoneos;
				TARGETED_DEVICE_FAMILY = "1,2";
				VALIDATE_PRODUCT = YES;
			};
			name = Release;
		};
		FBD833951CAC15980020AF3E /* Debug */ = {
			isa = XCBuildConfiguration;
			buildSettings = {
				ASSETCATALOG_COMPILER_APPICON_NAME = AppIcon;
				CODE_SIGN_IDENTITY = "iPhone Developer";
				"CODE_SIGN_IDENTITY[sdk=iphoneos*]" = "iPhone Developer";
				INFOPLIST_FILE = BudgetBunny/Resources/PropertyLists/Info.plist;
				LD_RUNPATH_SEARCH_PATHS = "$(inherited) @executable_path/Frameworks";
				PRODUCT_BUNDLE_IDENTIFIER = com.crentagon.BudgetBunny;
				PRODUCT_NAME = "$(TARGET_NAME)";
				PROVISIONING_PROFILE = "";
			};
			name = Debug;
		};
		FBD833961CAC15980020AF3E /* Release */ = {
			isa = XCBuildConfiguration;
			buildSettings = {
				ASSETCATALOG_COMPILER_APPICON_NAME = AppIcon;
				CODE_SIGN_IDENTITY = "iPhone Developer";
				"CODE_SIGN_IDENTITY[sdk=iphoneos*]" = "iPhone Developer";
				INFOPLIST_FILE = BudgetBunny/Resources/PropertyLists/Info.plist;
				LD_RUNPATH_SEARCH_PATHS = "$(inherited) @executable_path/Frameworks";
				PRODUCT_BUNDLE_IDENTIFIER = com.crentagon.BudgetBunny;
				PRODUCT_NAME = "$(TARGET_NAME)";
				PROVISIONING_PROFILE = "";
			};
			name = Release;
		};
		FBD833981CAC15980020AF3E /* Debug */ = {
			isa = XCBuildConfiguration;
			buildSettings = {
				BUNDLE_LOADER = "$(TEST_HOST)";
				INFOPLIST_FILE = BudgetBunnyTests/Info.plist;
				LD_RUNPATH_SEARCH_PATHS = "$(inherited) @executable_path/Frameworks @loader_path/Frameworks";
				PRODUCT_BUNDLE_IDENTIFIER = com.kieferyap.BudgetBunnyTests;
				PRODUCT_NAME = "$(TARGET_NAME)";
				TEST_HOST = "$(BUILT_PRODUCTS_DIR)/BudgetBunny.app/BudgetBunny";
			};
			name = Debug;
		};
		FBD833991CAC15980020AF3E /* Release */ = {
			isa = XCBuildConfiguration;
			buildSettings = {
				BUNDLE_LOADER = "$(TEST_HOST)";
				INFOPLIST_FILE = BudgetBunnyTests/Info.plist;
				LD_RUNPATH_SEARCH_PATHS = "$(inherited) @executable_path/Frameworks @loader_path/Frameworks";
				PRODUCT_BUNDLE_IDENTIFIER = com.kieferyap.BudgetBunnyTests;
				PRODUCT_NAME = "$(TARGET_NAME)";
				TEST_HOST = "$(BUILT_PRODUCTS_DIR)/BudgetBunny.app/BudgetBunny";
			};
			name = Release;
		};
		FBD8339B1CAC15980020AF3E /* Debug */ = {
			isa = XCBuildConfiguration;
			buildSettings = {
				INFOPLIST_FILE = BudgetBunnyUITests/Info.plist;
				LD_RUNPATH_SEARCH_PATHS = "$(inherited) @executable_path/Frameworks @loader_path/Frameworks";
				PRODUCT_BUNDLE_IDENTIFIER = com.kieferyap.BudgetBunnyUITests;
				PRODUCT_NAME = "$(TARGET_NAME)";
				TEST_TARGET_NAME = BudgetBunny;
			};
			name = Debug;
		};
		FBD8339C1CAC15980020AF3E /* Release */ = {
			isa = XCBuildConfiguration;
			buildSettings = {
				INFOPLIST_FILE = BudgetBunnyUITests/Info.plist;
				LD_RUNPATH_SEARCH_PATHS = "$(inherited) @executable_path/Frameworks @loader_path/Frameworks";
				PRODUCT_BUNDLE_IDENTIFIER = com.kieferyap.BudgetBunnyUITests;
				PRODUCT_NAME = "$(TARGET_NAME)";
				TEST_TARGET_NAME = BudgetBunny;
			};
			name = Release;
		};
/* End XCBuildConfiguration section */

/* Begin XCConfigurationList section */
		FBD8335F1CAC15980020AF3E /* Build configuration list for PBXProject "BudgetBunny" */ = {
			isa = XCConfigurationList;
			buildConfigurations = (
				FBD833921CAC15980020AF3E /* Debug */,
				FBD833931CAC15980020AF3E /* Release */,
			);
			defaultConfigurationIsVisible = 0;
			defaultConfigurationName = Release;
		};
		FBD833941CAC15980020AF3E /* Build configuration list for PBXNativeTarget "BudgetBunny" */ = {
			isa = XCConfigurationList;
			buildConfigurations = (
				FBD833951CAC15980020AF3E /* Debug */,
				FBD833961CAC15980020AF3E /* Release */,
			);
			defaultConfigurationIsVisible = 0;
			defaultConfigurationName = Release;
		};
		FBD833971CAC15980020AF3E /* Build configuration list for PBXNativeTarget "BudgetBunnyTests" */ = {
			isa = XCConfigurationList;
			buildConfigurations = (
				FBD833981CAC15980020AF3E /* Debug */,
				FBD833991CAC15980020AF3E /* Release */,
			);
			defaultConfigurationIsVisible = 0;
			defaultConfigurationName = Release;
		};
		FBD8339A1CAC15980020AF3E /* Build configuration list for PBXNativeTarget "BudgetBunnyUITests" */ = {
			isa = XCConfigurationList;
			buildConfigurations = (
				FBD8339B1CAC15980020AF3E /* Debug */,
				FBD8339C1CAC15980020AF3E /* Release */,
			);
			defaultConfigurationIsVisible = 0;
			defaultConfigurationName = Release;
		};
/* End XCConfigurationList section */

/* Begin XCVersionGroup section */
		FBD833731CAC15980020AF3E /* BudgetBunny.xcdatamodeld */ = {
			isa = XCVersionGroup;
			children = (
				FBD833741CAC15980020AF3E /* BudgetBunny.xcdatamodel */,
			);
			currentVersion = FBD833741CAC15980020AF3E /* BudgetBunny.xcdatamodel */;
			path = BudgetBunny.xcdatamodeld;
			sourceTree = "<group>";
			versionGroupType = wrapper.xcdatamodel;
		};
/* End XCVersionGroup section */
	};
	rootObject = FBD8335C1CAC15980020AF3E /* Project object */;
}
